{
  "originHash" : "b61e3a52629bdddc4e4ebbf0ace75f51817c86d7d34a3131af1ebec447b694f0",
  "pins" : [
    {
      "identity" : "browserkit",
      "kind" : "remoteSourceControl",
      "location" : "https://github.com/johnbean393/BrowserKit/",
      "state" : {
        "branch" : "main",
        "revision" : "db18e1fc169c4edb43fc7b9e249e9bb1078438ff"
      }
    },
    {
      "identity" : "corepersistence",
      "kind" : "remoteSourceControl",
      "location" : "https://github.com/vmanot/CorePersistence.git",
      "state" : {
        "revision" : "38fd5271fa906a2d8395e4b42724142886a3c763"
      }
    },
    {
      "identity" : "corexlsx",
      "kind" : "remoteSourceControl",
      "location" : "https://github.com/CoreOffice/CoreXLSX.git",
      "state" : {
        "revision" : "1391f3832ea2eeee5186ea8abb81ea49ed0609cc",
        "version" : "0.14.2"
      }
    },
    {
      "identity" : "default-models",
      "kind" : "remoteSourceControl",
      "location" : "https://github.com/johnbean393/Default-Models",
      "state" : {
        "branch" : "main",
        "revision" : "35c93c8040801f5e8fc65a1f0ea1f331867817b1"
      }
    },
    {
      "identity" : "eventsource",
      "kind" : "remoteSourceControl",
      "location" : "https://github.com/Recouse/EventSource.git",
      "state" : {
        "revision" : "bcdfb61b3587d0116d61f393c5f7691c0f888591",
        "version" : "0.1.1"
      }
    },
    {
      "identity" : "extractkit-macos",
      "kind" : "remoteSourceControl",
      "location" : "https://github.com/johnbean393/ExtractKit-macOS",
      "state" : {
        "branch" : "main",
        "revision" : "2977c13beb7cbee9912af343ae76c81a808e101f"
      }
    },
    {
      "identity" : "fskit-macos",
      "kind" : "remoteSourceControl",
      "location" : "https://github.com/johnbean393/FSKit-macOS",
      "state" : {
        "branch" : "main",
        "revision" : "9764d82a5e0e2fa2e287d40301b23fd0d83c404c"
      }
    },
    {
      "identity" : "keyboardshortcuts",
      "kind" : "remoteSourceControl",
      "location" : "https://github.com/sindresorhus/KeyboardShortcuts/",
      "state" : {
        "revision" : "7ecc38bb6edf7d087d30e737057b8d8a9b7f51eb",
        "version" : "2.2.4"
      }
    },
    {
      "identity" : "merge",
      "kind" : "remoteSourceControl",
      "location" : "https://github.com/vmanot/Merge.git",
      "state" : {
        "branch" : "master",
        "revision" : "860e67569be17b3af64008d09e5ef06fd2256e4e"
      }
    },
    {
      "identity" : "networkimage",
      "kind" : "remoteSourceControl",
      "location" : "https://github.com/gonzalezreal/NetworkImage",
      "state" : {
        "revision" : "2849f5323265386e200484b0d0f896e73c3411b9",
        "version" : "6.0.1"
      }
    },
    {
      "identity" : "networkkit",
      "kind" : "remoteSourceControl",
      "location" : "https://github.com/johnbean393/NetworkKit.git",
      "state" : {
        "branch" : "master",
        "revision" : "242bab612d08105783a8dad7d6afd699b09ee0c3"
      }
    },
    {
      "identity" : "securedefaults?tab=readme-ov-file#usage",
      "kind" : "remoteSourceControl",
      "location" : "https://github.com/vpeschenkov/SecureDefaults?tab=readme-ov-file#usage",
      "state" : {
        "revision" : "3f9d5d19f7401250791840bff857ed5f6b8c8ddf",
        "version" : "1.2.2"
      }
    },
    {
      "identity" : "similarity-search-kit",
      "kind" : "remoteSourceControl",
      "location" : "https://github.com/ZachNagengast/similarity-search-kit",
      "state" : {
        "revision" : "9bec54706c8124bb9b20a3a06d566066a9f55712",
        "version" : "0.0.15"
      }
    },
    {
      "identity" : "sparkle",
      "kind" : "remoteSourceControl",
      "location" : "https://github.com/sparkle-project/Sparkle",
      "state" : {
        "revision" : "0ef1ee0220239b3776f433314515fd849025673f",
        "version" : "2.6.4"
      }
    },
    {
      "identity" : "splash",
      "kind" : "remoteSourceControl",
      "location" : "https://github.com/JohnSundell/Splash",
      "state" : {
        "revision" : "7f4df436eb78fe64fe2c32c58006e9949fa28ad8",
        "version" : "0.16.0"
      }
    },
    {
      "identity" : "swallow",
      "kind" : "remoteSourceControl",
      "location" : "https://github.com/vmanot/Swallow.git",
      "state" : {
        "branch" : "master",
        "revision" : "481f2fa058a339ad4aebde1b798964ca4da08438"
      }
    },
    {
      "identity" : "swift-collections",
      "kind" : "remoteSourceControl",
      "location" : "https://github.com/apple/swift-collections",
      "state" : {
        "revision" : "671108c96644956dddcd89dd59c203dcdb36cec7",
        "version" : "1.1.4"
      }
    },
    {
      "identity" : "swift-markdown-ui",
      "kind" : "remoteSourceControl",
      "location" : "https://github.com/gonzalezreal/swift-markdown-ui",
      "state" : {
        "revision" : "55441810c0f678c78ed7e2ebd46dde89228e02fc",
        "version" : "2.4.0"
      }
    },
    {
      "identity" : "swift-syntax",
      "kind" : "remoteSourceControl",
      "location" : "https://github.com/apple/swift-syntax.git",
      "state" : {
        "revision" : "0687f71944021d616d34d922343dcef086855920",
        "version" : "600.0.1"
      }
    },
    {
      "identity" : "swiftapi",
      "kind" : "remoteSourceControl",
      "location" : "https://github.com/vmanot/SwiftAPI.git",
      "state" : {
        "branch" : "master",
        "revision" : "3e47cc5f9b0cefe9ed1d0971aff22583bd9ac7b0"
      }
    },
    {
      "identity" : "swiftcsv",
      "kind" : "remoteSourceControl",
      "location" : "https://github.com/swiftcsv/SwiftCSV",
      "state" : {
        "revision" : "6ab5d0fe9b6ef3c79d717eefa70862df389e74d9",
        "version" : "0.10.0"
      }
    },
    {
      "identity" : "swiftfulloadingindicators",
      "kind" : "remoteSourceControl",
      "location" : "https://github.com/SwiftfulThinking/SwiftfulLoadingIndicators",
      "state" : {
        "revision" : "85858c0246dcd781228301f9928519f75ce89758",
        "version" : "0.0.4"
      }
    },
    {
      "identity" : "swiftmath",
      "kind" : "remoteSourceControl",
      "location" : "https://github.com/mgriebling/SwiftMath",
      "state" : {
        "revision" : "7799485428a3988c4104c4e366541f7725ced4e3",
        "version" : "1.6.0"
      }
    },
    {
      "identity" : "swiftsoup",
      "kind" : "remoteSourceControl",
      "location" : "https://github.com/scinfu/SwiftSoup.git",
      "state" : {
        "revision" : "0e96a20ffd37a515c5c963952d4335c89bed50a6",
        "version" : "2.6.0"
      }
    },
    {
      "identity" : "swiftuix",
      "kind" : "remoteSourceControl",
      "location" : "https://github.com/SwiftUIX/SwiftUIX.git",
      "state" : {
        "branch" : "master",
        "revision" : "836fc284a9bb07fc9ab6d2dce6ebd0e32aabde26"
      }
    },
    {
      "identity" : "symbolpicker",
      "kind" : "remoteSourceControl",
      "location" : "https://github.com/xnth97/SymbolPicker",
      "state" : {
        "revision" : "f82b64bcc3d761c9e63aaa10b1912bba72cbf6d8",
        "version" : "1.5.3"
      }
    },
    {
      "identity" : "webviewkit",
      "kind" : "remoteSourceControl",
      "location" : "https://github.com/danielsaidi/WebViewKit",
      "state" : {
        "revision" : "bae09cfa4bae29f22dcf9d98f197aba50b5dc4bb",
        "version" : "0.5.0"
      }
    },
    {
      "identity" : "xmlcoder",
      "kind" : "remoteSourceControl",
      "location" : "https://github.com/maxdesiatov/XMLCoder.git",
      "state" : {
        "revision" : "ca932442d7481700f5434a7b138c47dd42d9902b",
        "version" : "0.14.0"
      }
    },
    {
      "identity" : "zipfoundation",
      "kind" : "remoteSourceControl",
      "location" : "https://github.com/weichsel/ZIPFoundation.git",
      "state" : {
        "revision" : "02b6abe5f6eef7e3cbd5f247c5cc24e246efcfe0",
        "version" : "0.9.19"
      }
    }
  ],
  "version" : 3
}
