// !$*UTF8*$!
{
	archiveVersion = 1;
	classes = {
	};
	objectVersion = 77;
	objects = {

/* Begin PBXBuildFile section */
		2004D7642CBC9DA2009F294E /* ConversationState.swift in Sources */ = {isa = PBXBuildFile; fileRef = 2004D7632CBC9DA2009F294E /* ConversationState.swift */; };
		200FBFE72CB6384400A92A74 /* main.swift in Sources */ = {isa = PBXBuildFile; fileRef = 200FBFE52CB6384400A92A74 /* main.swift */; };
		200FBFEC2CB63BEA00A92A74 /* llama-server-watchdog in Embed Helper Tools */ = {isa = PBXBuildFile; fileRef = 200FBFDD2CB6382F00A92A74 /* llama-server-watchdog */; settings = {ATTRIBUTES = (CodeSignOnCopy, ); }; };
		200FBFEE2CB6477400A92A74 /* LlamaServer.swift in Sources */ = {isa = PBXBuildFile; fileRef = 200FBFED2CB6477400A92A74 /* LlamaServer.swift */; };
		200FBFF12CB64CB400A92A74 /* EventSource in Frameworks */ = {isa = PBXBuildFile; productRef = 200FBFF02CB64CB400A92A74 /* EventSource */; };
		200FBFF32CB66B8300A92A74 /* ServerHealth.swift in Sources */ = {isa = PBXBuildFile; fileRef = 200FBFF22CB66B8300A92A74 /* ServerHealth.swift */; };
		200FBFF52CB66C0000A92A74 /* LlamaServerError.swift in Sources */ = {isa = PBXBuildFile; fileRef = 200FBFF42CB66C0000A92A74 /* LlamaServerError.swift */; };
		200FBFF72CB68ABF00A92A74 /* ChatParameters.swift in Sources */ = {isa = PBXBuildFile; fileRef = 200FBFF62CB68ABF00A92A74 /* ChatParameters.swift */; };
		202E3EDD2CBB8F7B00AF86C8 /* ReferencedURL.swift in Sources */ = {isa = PBXBuildFile; fileRef = 202E3EDC2CBB8F7B00AF86C8 /* ReferencedURL.swift */; };
		202FDDF12CC0B43000537F89 /* llama-server in Resources */ = {isa = PBXBuildFile; fileRef = 202FDDF02CC0B43000537F89 /* llama-server */; };
		2038CCF32CB6CBC6005AA315 /* PendingMessageView.swift in Sources */ = {isa = PBXBuildFile; fileRef = 2038CCF22CB6CBC6005AA315 /* PendingMessageView.swift */; };
		204C79532CB7500800EED58E /* EndDetectionScrollView.swift in Sources */ = {isa = PBXBuildFile; fileRef = 204C79522CB7500800EED58E /* EndDetectionScrollView.swift */; };
		204C79562CB765D700EED58E /* ProfileSelectionMenu.swift in Sources */ = {isa = PBXBuildFile; fileRef = 204C79552CB765D700EED58E /* ProfileSelectionMenu.swift */; };
		204C79582CB769A400EED58E /* Extension+View.swift in Sources */ = {isa = PBXBuildFile; fileRef = 204C79572CB769A400EED58E /* Extension+View.swift */; };
		204C795C2CB79AB900EED58E /* ProfileManagerView.swift in Sources */ = {isa = PBXBuildFile; fileRef = 204C795B2CB79AB900EED58E /* ProfileManagerView.swift */; };
		20571F6F2CBCE8F7004F3344 /* TasksController.swift in Sources */ = {isa = PBXBuildFile; fileRef = 20571F6E2CBCE8F7004F3344 /* TasksController.swift */; };
		20571F722CBCEDD8004F3344 /* LengthyTasksList.swift in Sources */ = {isa = PBXBuildFile; fileRef = 20571F712CBCEDD8004F3344 /* LengthyTasksList.swift */; };
		20571F742CBCEE90004F3344 /* LengthyTasksToolbarButton.swift in Sources */ = {isa = PBXBuildFile; fileRef = 20571F732CBCEE90004F3344 /* LengthyTasksToolbarButton.swift */; };
		20571F772CBD6005004F3344 /* SettingsView.swift in Sources */ = {isa = PBXBuildFile; fileRef = 20571F762CBD6005004F3344 /* SettingsView.swift */; };
		20571F792CBD6019004F3344 /* GeneralSettingsView.swift in Sources */ = {isa = PBXBuildFile; fileRef = 20571F782CBD6019004F3344 /* GeneralSettingsView.swift */; };
		20571F7B2CBD602B004F3344 /* InferenceSettingsView.swift in Sources */ = {isa = PBXBuildFile; fileRef = 20571F7A2CBD602B004F3344 /* InferenceSettingsView.swift */; };
		20571F812CBD6A6D004F3344 /* SoundEffects.swift in Sources */ = {isa = PBXBuildFile; fileRef = 20571F802CBD6A6D004F3344 /* SoundEffects.swift */; };
		20571F842CBD71C9004F3344 /* SystemPromptEditor.swift in Sources */ = {isa = PBXBuildFile; fileRef = 20571F832CBD71C9004F3344 /* SystemPromptEditor.swift */; };
		20573F142CB50550004C19FE /* ConversationManagerView.swift in Sources */ = {isa = PBXBuildFile; fileRef = 20573F132CB50550004C19FE /* ConversationManagerView.swift */; };
		20573F162CB505DC004C19FE /* ConversationListView.swift in Sources */ = {isa = PBXBuildFile; fileRef = 20573F152CB505DC004C19FE /* ConversationListView.swift */; };
		20573F182CB50743004C19FE /* ConversationView.swift in Sources */ = {isa = PBXBuildFile; fileRef = 20573F172CB50743004C19FE /* ConversationView.swift */; };
		20573F1B2CB5099B004C19FE /* ConversationCommands.swift in Sources */ = {isa = PBXBuildFile; fileRef = 20573F1A2CB5099B004C19FE /* ConversationCommands.swift */; };
		20573F1F2CB5274E004C19FE /* MessagesView.swift in Sources */ = {isa = PBXBuildFile; fileRef = 20573F1E2CB5274E004C19FE /* MessagesView.swift */; };
		20573F212CB527DB004C19FE /* MessageView.swift in Sources */ = {isa = PBXBuildFile; fileRef = 20573F202CB527DB004C19FE /* MessageView.swift */; };
		20573F232CB52E79004C19FE /* Extension+Theme.swift in Sources */ = {isa = PBXBuildFile; fileRef = 20573F222CB52E79004C19FE /* Extension+Theme.swift */; };
		20573F252CB52EB6004C19FE /* CopyButton.swift in Sources */ = {isa = PBXBuildFile; fileRef = 20573F242CB52EB6004C19FE /* CopyButton.swift */; };
		20573F282CB52F84004C19FE /* Splash in Frameworks */ = {isa = PBXBuildFile; productRef = 20573F272CB52F84004C19FE /* Splash */; };
		20573F2A2CB52F84004C19FE /* SplashMarkdown in Frameworks */ = {isa = PBXBuildFile; productRef = 20573F292CB52F84004C19FE /* SplashMarkdown */; };
		20573F2D2CB52FAF004C19FE /* SplashCodeSyntaxHighlighter.swift in Sources */ = {isa = PBXBuildFile; fileRef = 20573F2C2CB52FAF004C19FE /* SplashCodeSyntaxHighlighter.swift */; };
		20573F302CB5302C004C19FE /* TextOutputFormat.swift in Sources */ = {isa = PBXBuildFile; fileRef = 20573F2F2CB5302C004C19FE /* TextOutputFormat.swift */; };
		20573F322CB53172004C19FE /* InferenceSettings.swift in Sources */ = {isa = PBXBuildFile; fileRef = 20573F312CB53172004C19FE /* InferenceSettings.swift */; };
		20573F362CB53878004C19FE /* CircleMenuStyle.swift in Sources */ = {isa = PBXBuildFile; fileRef = 20573F352CB53878004C19FE /* CircleMenuStyle.swift */; };
		207A9F532CB82D9600E727DE /* SymbolPicker in Frameworks */ = {isa = PBXBuildFile; productRef = 207A9F522CB82D9600E727DE /* SymbolPicker */; };
		207A9F552CB8A96F00E727DE /* ProfileNavigationRowView.swift in Sources */ = {isa = PBXBuildFile; fileRef = 207A9F542CB8A96F00E727DE /* ProfileNavigationRowView.swift */; };
		207A9F592CB8F4AF00E727DE /* ResourceSelectionView.swift in Sources */ = {isa = PBXBuildFile; fileRef = 207A9F582CB8F4AF00E727DE /* ResourceSelectionView.swift */; };
		207A9F5D2CB8FD0900E727DE /* ResourceSectionView.swift in Sources */ = {isa = PBXBuildFile; fileRef = 207A9F5C2CB8FD0900E727DE /* ResourceSectionView.swift */; };
		207A9F5F2CB903FD00E727DE /* Extension+Binding.swift in Sources */ = {isa = PBXBuildFile; fileRef = 207A9F5E2CB903FD00E727DE /* Extension+Binding.swift */; };
		207A9F622CB94B0000E727DE /* WindowCommands.swift in Sources */ = {isa = PBXBuildFile; fileRef = 207A9F612CB94B0000E727DE /* WindowCommands.swift */; };
		208388DA2CBF4DF500C2A9F8 /* TavilySearch.swift in Sources */ = {isa = PBXBuildFile; fileRef = 208388D92CBF4DF500C2A9F8 /* TavilySearch.swift */; };
		208388DD2CBF4E8A00C2A9F8 /* SecureDefaults in Frameworks */ = {isa = PBXBuildFile; productRef = 208388DC2CBF4E8A00C2A9F8 /* SecureDefaults */; };
		208388E22CBF51F900C2A9F8 /* RetrievalSettingsView.swift in Sources */ = {isa = PBXBuildFile; fileRef = 208388E12CBF51F900C2A9F8 /* RetrievalSettingsView.swift */; };
		208388E52CBF526E00C2A9F8 /* RetrievalSettings.swift in Sources */ = {isa = PBXBuildFile; fileRef = 208388E42CBF526E00C2A9F8 /* RetrievalSettings.swift */; };
		208388ED2CBF825400C2A9F8 /* Tavily.swift in Sources */ = {isa = PBXBuildFile; fileRef = 208388EC2CBF825400C2A9F8 /* Tavily.swift */; };
		208388EF2CBF86A100C2A9F8 /* Extension+UserDefaults.swift in Sources */ = {isa = PBXBuildFile; fileRef = 208388EE2CBF86A100C2A9F8 /* Extension+UserDefaults.swift */; };
		2086E1712CB036BB00FFCF57 /* ConversationManager.swift in Sources */ = {isa = PBXBuildFile; fileRef = 2086E1702CB036BB00FFCF57 /* ConversationManager.swift */; };
		2086E1AC2CB03CD200FFCF57 /* Dialogs.swift in Sources */ = {isa = PBXBuildFile; fileRef = 2086E1AB2CB03CD200FFCF57 /* Dialogs.swift */; };
		2099BD9B2CB7B8C800E02732 /* Extension+RawRepresentable.swift in Sources */ = {isa = PBXBuildFile; fileRef = 2099BD9A2CB7B8C800E02732 /* Extension+RawRepresentable.swift */; };
		2099BD9D2CB7B8E700E02732 /* Notifications.swift in Sources */ = {isa = PBXBuildFile; fileRef = 2099BD9C2CB7B8E700E02732 /* Notifications.swift */; };
		2099BD9F2CB7E9CE00E02732 /* QuickPrompt.swift in Sources */ = {isa = PBXBuildFile; fileRef = 2099BD9E2CB7E9CE00E02732 /* QuickPrompt.swift */; };
		2099BDA12CB7EABC00E02732 /* ConversationQuickPromptsView.swift in Sources */ = {isa = PBXBuildFile; fileRef = 2099BDA02CB7EABC00E02732 /* ConversationQuickPromptsView.swift */; };
		2099BDA32CB7EB0200E02732 /* CapsuleButtonStyle.swift in Sources */ = {isa = PBXBuildFile; fileRef = 2099BDA22CB7EB0200E02732 /* CapsuleButtonStyle.swift */; };
		2099BDA52CB8069800E02732 /* ConversationNameEditor.swift in Sources */ = {isa = PBXBuildFile; fileRef = 2099BDA42CB8069800E02732 /* ConversationNameEditor.swift */; };
		2099BDA92CB81A1300E02732 /* ProfileListView.swift in Sources */ = {isa = PBXBuildFile; fileRef = 2099BDA82CB81A1300E02732 /* ProfileListView.swift */; };
		2099BDAD2CB8222A00E02732 /* ProfileEditorView.swift in Sources */ = {isa = PBXBuildFile; fileRef = 2099BDAC2CB8222A00E02732 /* ProfileEditorView.swift */; };
		2099BDB22CB828A500E02732 /* PopoverButton.swift in Sources */ = {isa = PBXBuildFile; fileRef = 2099BDB12CB828A500E02732 /* PopoverButton.swift */; };
		20A8B6572CB26E4800B756FD /* SimilaritySearchKit in Frameworks */ = {isa = PBXBuildFile; productRef = 20A8B6562CB26E4800B756FD /* SimilaritySearchKit */; };
		20A8B6592CB26E4800B756FD /* SimilaritySearchKitDistilbert in Frameworks */ = {isa = PBXBuildFile; productRef = 20A8B6582CB26E4800B756FD /* SimilaritySearchKitDistilbert */; };
		20A8B65B2CB2709100B756FD /* Resources.swift in Sources */ = {isa = PBXBuildFile; fileRef = 20A8B65A2CB2709100B756FD /* Resources.swift */; };
		20A8B65D2CB2829500B756FD /* ProfileManager.swift in Sources */ = {isa = PBXBuildFile; fileRef = 20A8B65C2CB2829500B756FD /* ProfileManager.swift */; };
		20B4D6AF2CC3C12C00817E15 /* PromptController.swift in Sources */ = {isa = PBXBuildFile; fileRef = 20B4D6AE2CC3C12C00817E15 /* PromptController.swift */; };
		20B4D6B12CC3D72700817E15 /* Extension+IndexItem.swift in Sources */ = {isa = PBXBuildFile; fileRef = 20B4D6B02CC3D72700817E15 /* Extension+IndexItem.swift */; };
		20B97CA82CAFE830009A0A5D /* FSKit-macOS in Frameworks */ = {isa = PBXBuildFile; productRef = 20B97CA72CAFE830009A0A5D /* FSKit-macOS */; };
		20B97CAB2CAFE861009A0A5D /* ExtractKit-macOS in Frameworks */ = {isa = PBXBuildFile; productRef = 20B97CAA2CAFE861009A0A5D /* ExtractKit-macOS */; };
		20B97CB32CAFE86C009A0A5D /* Preview Assets.xcassets in Resources */ = {isa = PBXBuildFile; fileRef = 20B97CAC2CAFE86C009A0A5D /* Preview Assets.xcassets */; };
		20B97CB42CAFE86C009A0A5D /* Assets.xcassets in Resources */ = {isa = PBXBuildFile; fileRef = 20B97CAE2CAFE86C009A0A5D /* Assets.xcassets */; };
		20B97CB52CAFE86C009A0A5D /* ContentView.swift in Sources */ = {isa = PBXBuildFile; fileRef = 20B97CAF2CAFE86C009A0A5D /* ContentView.swift */; };
		20B97CB62CAFE86C009A0A5D /* SidekickApp.swift in Sources */ = {isa = PBXBuildFile; fileRef = 20B97CB12CAFE86C009A0A5D /* SidekickApp.swift */; };
		20B97CB92CAFE870009A0A5D /* SidekickTests.swift in Sources */ = {isa = PBXBuildFile; fileRef = 20B97CB72CAFE870009A0A5D /* SidekickTests.swift */; };
		20B97CBD2CAFE872009A0A5D /* SidekickUITests.swift in Sources */ = {isa = PBXBuildFile; fileRef = 20B97CBA2CAFE872009A0A5D /* SidekickUITests.swift */; };
		20B97CBE2CAFE872009A0A5D /* SidekickUITestsLaunchTests.swift in Sources */ = {isa = PBXBuildFile; fileRef = 20B97CBB2CAFE872009A0A5D /* SidekickUITestsLaunchTests.swift */; };
		20B97CC92CAFEBEA009A0A5D /* MarkdownUI in Frameworks */ = {isa = PBXBuildFile; productRef = 20B97CC82CAFEBEA009A0A5D /* MarkdownUI */; };
		20B97CCE2CAFEC37009A0A5D /* Settings.swift in Sources */ = {isa = PBXBuildFile; fileRef = 20B97CCD2CAFEC37009A0A5D /* Settings.swift */; };
		20B97CCF2CAFEC37009A0A5D /* DownloadManager.swift in Sources */ = {isa = PBXBuildFile; fileRef = 20B97CCA2CAFEC37009A0A5D /* DownloadManager.swift */; };
		20B97CD02CAFEC37009A0A5D /* Model.swift in Sources */ = {isa = PBXBuildFile; fileRef = 20B97CCC2CAFEC37009A0A5D /* Model.swift */; };
		20B97CD62CAFF2E0009A0A5D /* SetupView.swift in Sources */ = {isa = PBXBuildFile; fileRef = 20B97CD52CAFF2E0009A0A5D /* SetupView.swift */; };
		20B97CD92CAFF2E7009A0A5D /* ModelSelectionView.swift in Sources */ = {isa = PBXBuildFile; fileRef = 20B97CD72CAFF2E7009A0A5D /* ModelSelectionView.swift */; };
		20B97CDA2CAFF2E7009A0A5D /* SetupCompleteView.swift in Sources */ = {isa = PBXBuildFile; fileRef = 20B97CD82CAFF2E7009A0A5D /* SetupCompleteView.swift */; };
		20B97CDD2CAFFE06009A0A5D /* Message.swift in Sources */ = {isa = PBXBuildFile; fileRef = 20B97CDC2CAFFE06009A0A5D /* Message.swift */; };
		20B97CDF2CAFFE6A009A0A5D /* Sender.swift in Sources */ = {isa = PBXBuildFile; fileRef = 20B97CDE2CAFFE6A009A0A5D /* Sender.swift */; };
		20B97CE12CB001E0009A0A5D /* Conversation.swift in Sources */ = {isa = PBXBuildFile; fileRef = 20B97CE02CB001E0009A0A5D /* Conversation.swift */; };
		20B97CE32CB00585009A0A5D /* Profile.swift in Sources */ = {isa = PBXBuildFile; fileRef = 20B97CE22CB00585009A0A5D /* Profile.swift */; };
		20B97CE52CB00605009A0A5D /* Extension+Color.swift in Sources */ = {isa = PBXBuildFile; fileRef = 20B97CE42CB00605009A0A5D /* Extension+Color.swift */; };
		20B97CE72CB0066A009A0A5D /* Extension+String.swift in Sources */ = {isa = PBXBuildFile; fileRef = 20B97CE62CB0066A009A0A5D /* Extension+String.swift */; };
		20B97CE92CB007DF009A0A5D /* Resource.swift in Sources */ = {isa = PBXBuildFile; fileRef = 20B97CE82CB007DF009A0A5D /* Resource.swift */; };
		20B97CEB2CB00912009A0A5D /* Extension+URL.swift in Sources */ = {isa = PBXBuildFile; fileRef = 20B97CEA2CB00912009A0A5D /* Extension+URL.swift */; };
		20B97CED2CB00A28009A0A5D /* Favicon.swift in Sources */ = {isa = PBXBuildFile; fileRef = 20B97CEC2CB00A28009A0A5D /* Favicon.swift */; };
		20B97CEF2CB010AD009A0A5D /* ThumbnailView.swift in Sources */ = {isa = PBXBuildFile; fileRef = 20B97CEE2CB010AD009A0A5D /* ThumbnailView.swift */; };
		20B9E60C2CB140A000BA0AD2 /* AppDelegate.swift in Sources */ = {isa = PBXBuildFile; fileRef = 20B9E60B2CB140A000BA0AD2 /* AppDelegate.swift */; };
		20B9E60E2CB1414100BA0AD2 /* DockMenuCommands.swift in Sources */ = {isa = PBXBuildFile; fileRef = 20B9E60D2CB1414100BA0AD2 /* DockMenuCommands.swift */; };
		20B9E6112CB142FD00BA0AD2 /* DebugCommands.swift in Sources */ = {isa = PBXBuildFile; fileRef = 20B9E6102CB142FD00BA0AD2 /* DebugCommands.swift */; };
		20C221022CC4A9E800A99796 /* Source.swift in Sources */ = {isa = PBXBuildFile; fileRef = 20C221012CC4A9E800A99796 /* Source.swift */; };
		20C221042CC4AFAF00A99796 /* SourceLogger.swift in Sources */ = {isa = PBXBuildFile; fileRef = 20C221032CC4AFAF00A99796 /* SourceLogger.swift */; };
		20C221062CC4B15600A99796 /* SourcesManager.swift in Sources */ = {isa = PBXBuildFile; fileRef = 20C221052CC4B15600A99796 /* SourcesManager.swift */; };
		20C221092CC4B5A800A99796 /* SourcesView.swift in Sources */ = {isa = PBXBuildFile; fileRef = 20C221082CC4B5A800A99796 /* SourcesView.swift */; };
		20C2210B2CC4B88F00A99796 /* SourcesButton.swift in Sources */ = {isa = PBXBuildFile; fileRef = 20C2210A2CC4B88F00A99796 /* SourcesButton.swift */; };
		20D65DD32CC0B8A20052D826 /* README.md in Resources */ = {isa = PBXBuildFile; fileRef = 20D65DD22CC0B8A20052D826 /* README.md */; };
		20D65DD52CC0CC6C0052D826 /* StopGenerationButton.swift in Sources */ = {isa = PBXBuildFile; fileRef = 20D65DD42CC0CC6C0052D826 /* StopGenerationButton.swift */; };
		20DEABED2CC4D68A0046447C /* Extension+CGImage.swift in Sources */ = {isa = PBXBuildFile; fileRef = 20DEABEC2CC4D68A0046447C /* Extension+CGImage.swift */; };
		20E48C262CB560730085E7D6 /* ChatStyle.swift in Sources */ = {isa = PBXBuildFile; fileRef = 20E48C252CB560730085E7D6 /* ChatStyle.swift */; };
		20E48C292CB560B50085E7D6 /* ConversationControlsView.swift in Sources */ = {isa = PBXBuildFile; fileRef = 20E48C282CB560B50085E7D6 /* ConversationControlsView.swift */; };
		20E48C2B2CB560E30085E7D6 /* Extension+CGKeyCode.swift in Sources */ = {isa = PBXBuildFile; fileRef = 20E48C2A2CB560E30085E7D6 /* Extension+CGKeyCode.swift */; };
		20F2D5122CC1F33B004CE730 /* Localizable.xcstrings in Resources */ = {isa = PBXBuildFile; fileRef = 20F2D5112CC1F33B004CE730 /* Localizable.xcstrings */; };
		20F36B242CC4FD980053417B /* sidekickSecureImage.png in Resources */ = {isa = PBXBuildFile; fileRef = 20F36B232CC4FD980053417B /* sidekickSecureImage.png */; };
		20FB0D892CBA8327006D062A /* Extension+SimilarityIndex.swift in Sources */ = {isa = PBXBuildFile; fileRef = 20FB0D882CBA8327006D062A /* Extension+SimilarityIndex.swift */; };
		20FB0D8B2CBA8828006D062A /* SearchResult.swift in Sources */ = {isa = PBXBuildFile; fileRef = 20FB0D8A2CBA8828006D062A /* SearchResult.swift */; };
		20FE94D82CB96D3A006E9F06 /* ConversationResourceButton.swift in Sources */ = {isa = PBXBuildFile; fileRef = 20FE94D72CB96D3A006E9F06 /* ConversationResourceButton.swift */; };
		20FE94DA2CB96DE8006E9F06 /* ExitButton.swift in Sources */ = {isa = PBXBuildFile; fileRef = 20FE94D92CB96DE8006E9F06 /* ExitButton.swift */; };
/* End PBXBuildFile section */

/* Begin PBXContainerItemProxy section */
		200549852CAFA67D00A3DCF2 /* PBXContainerItemProxy */ = {
			isa = PBXContainerItemProxy;
			containerPortal = 2005496B2CAFA67B00A3DCF2 /* Project object */;
			proxyType = 1;
			remoteGlobalIDString = 200549722CAFA67B00A3DCF2;
			remoteInfo = Sidekick;
		};
		2005498F2CAFA67D00A3DCF2 /* PBXContainerItemProxy */ = {
			isa = PBXContainerItemProxy;
			containerPortal = 2005496B2CAFA67B00A3DCF2 /* Project object */;
			proxyType = 1;
			remoteGlobalIDString = 200549722CAFA67B00A3DCF2;
			remoteInfo = Sidekick;
		};
		200FBFE92CB63B1A00A92A74 /* PBXContainerItemProxy */ = {
			isa = PBXContainerItemProxy;
			containerPortal = 2005496B2CAFA67B00A3DCF2 /* Project object */;
			proxyType = 1;
			remoteGlobalIDString = 200FBFDC2CB6382F00A92A74;
			remoteInfo = "llama-server-watchdog";
		};
/* End PBXContainerItemProxy section */

/* Begin PBXCopyFilesBuildPhase section */
		200FBFDB2CB6382F00A92A74 /* CopyFiles */ = {
			isa = PBXCopyFilesBuildPhase;
			buildActionMask = 2147483647;
			dstPath = /usr/share/man/man1/;
			dstSubfolderSpec = 0;
			files = (
			);
			runOnlyForDeploymentPostprocessing = 1;
		};
		200FBFEB2CB63B9400A92A74 /* Embed Helper Tools */ = {
			isa = PBXCopyFilesBuildPhase;
			buildActionMask = 12;
			dstPath = "";
			dstSubfolderSpec = 6;
			files = (
				200FBFEC2CB63BEA00A92A74 /* llama-server-watchdog in Embed Helper Tools */,
			);
			name = "Embed Helper Tools";
			runOnlyForDeploymentPostprocessing = 0;
		};
/* End PBXCopyFilesBuildPhase section */

/* Begin PBXFileReference section */
		2004D7632CBC9DA2009F294E /* ConversationState.swift */ = {isa = PBXFileReference; lastKnownFileType = sourcecode.swift; path = ConversationState.swift; sourceTree = "<group>"; };
		200549732CAFA67B00A3DCF2 /* Sidekick.app */ = {isa = PBXFileReference; explicitFileType = wrapper.application; includeInIndex = 0; path = Sidekick.app; sourceTree = BUILT_PRODUCTS_DIR; };
		200549842CAFA67D00A3DCF2 /* SidekickTests.xctest */ = {isa = PBXFileReference; explicitFileType = wrapper.cfbundle; includeInIndex = 0; path = SidekickTests.xctest; sourceTree = BUILT_PRODUCTS_DIR; };
		2005498E2CAFA67D00A3DCF2 /* SidekickUITests.xctest */ = {isa = PBXFileReference; explicitFileType = wrapper.cfbundle; includeInIndex = 0; path = SidekickUITests.xctest; sourceTree = BUILT_PRODUCTS_DIR; };
		200FBFDD2CB6382F00A92A74 /* llama-server-watchdog */ = {isa = PBXFileReference; explicitFileType = "compiled.mach-o.executable"; includeInIndex = 0; path = "llama-server-watchdog"; sourceTree = BUILT_PRODUCTS_DIR; };
		200FBFE52CB6384400A92A74 /* main.swift */ = {isa = PBXFileReference; lastKnownFileType = sourcecode.swift; path = main.swift; sourceTree = "<group>"; };
		200FBFE82CB638B200A92A74 /* llama-server-watchdog.entitlements */ = {isa = PBXFileReference; lastKnownFileType = text.plist.entitlements; path = "llama-server-watchdog.entitlements"; sourceTree = "<group>"; };
		200FBFED2CB6477400A92A74 /* LlamaServer.swift */ = {isa = PBXFileReference; lastKnownFileType = sourcecode.swift; path = LlamaServer.swift; sourceTree = "<group>"; };
		200FBFF22CB66B8300A92A74 /* ServerHealth.swift */ = {isa = PBXFileReference; lastKnownFileType = sourcecode.swift; path = ServerHealth.swift; sourceTree = "<group>"; };
		200FBFF42CB66C0000A92A74 /* LlamaServerError.swift */ = {isa = PBXFileReference; lastKnownFileType = sourcecode.swift; path = LlamaServerError.swift; sourceTree = "<group>"; };
		200FBFF62CB68ABF00A92A74 /* ChatParameters.swift */ = {isa = PBXFileReference; lastKnownFileType = sourcecode.swift; path = ChatParameters.swift; sourceTree = "<group>"; };
		202E3EDC2CBB8F7B00AF86C8 /* ReferencedURL.swift */ = {isa = PBXFileReference; lastKnownFileType = sourcecode.swift; path = ReferencedURL.swift; sourceTree = "<group>"; };
		202FDDF02CC0B43000537F89 /* llama-server */ = {isa = PBXFileReference; lastKnownFileType = "compiled.mach-o.executable"; path = "llama-server"; sourceTree = "<group>"; };
		2038CCF22CB6CBC6005AA315 /* PendingMessageView.swift */ = {isa = PBXFileReference; lastKnownFileType = sourcecode.swift; path = PendingMessageView.swift; sourceTree = "<group>"; };
		204C79522CB7500800EED58E /* EndDetectionScrollView.swift */ = {isa = PBXFileReference; lastKnownFileType = sourcecode.swift; path = EndDetectionScrollView.swift; sourceTree = "<group>"; };
		204C79552CB765D700EED58E /* ProfileSelectionMenu.swift */ = {isa = PBXFileReference; lastKnownFileType = sourcecode.swift; path = ProfileSelectionMenu.swift; sourceTree = "<group>"; };
		204C79572CB769A400EED58E /* Extension+View.swift */ = {isa = PBXFileReference; lastKnownFileType = sourcecode.swift; path = "Extension+View.swift"; sourceTree = "<group>"; };
		204C795B2CB79AB900EED58E /* ProfileManagerView.swift */ = {isa = PBXFileReference; lastKnownFileType = sourcecode.swift; path = ProfileManagerView.swift; sourceTree = "<group>"; };
		20571F6E2CBCE8F7004F3344 /* TasksController.swift */ = {isa = PBXFileReference; lastKnownFileType = sourcecode.swift; path = TasksController.swift; sourceTree = "<group>"; };
		20571F712CBCEDD8004F3344 /* LengthyTasksList.swift */ = {isa = PBXFileReference; lastKnownFileType = sourcecode.swift; path = LengthyTasksList.swift; sourceTree = "<group>"; };
		20571F732CBCEE90004F3344 /* LengthyTasksToolbarButton.swift */ = {isa = PBXFileReference; lastKnownFileType = sourcecode.swift; path = LengthyTasksToolbarButton.swift; sourceTree = "<group>"; };
		20571F762CBD6005004F3344 /* SettingsView.swift */ = {isa = PBXFileReference; lastKnownFileType = sourcecode.swift; path = SettingsView.swift; sourceTree = "<group>"; };
		20571F782CBD6019004F3344 /* GeneralSettingsView.swift */ = {isa = PBXFileReference; lastKnownFileType = sourcecode.swift; path = GeneralSettingsView.swift; sourceTree = "<group>"; };
		20571F7A2CBD602B004F3344 /* InferenceSettingsView.swift */ = {isa = PBXFileReference; lastKnownFileType = sourcecode.swift; path = InferenceSettingsView.swift; sourceTree = "<group>"; };
		20571F802CBD6A6D004F3344 /* SoundEffects.swift */ = {isa = PBXFileReference; lastKnownFileType = sourcecode.swift; path = SoundEffects.swift; sourceTree = "<group>"; };
		20571F832CBD71C9004F3344 /* SystemPromptEditor.swift */ = {isa = PBXFileReference; lastKnownFileType = sourcecode.swift; path = SystemPromptEditor.swift; sourceTree = "<group>"; };
		20573F132CB50550004C19FE /* ConversationManagerView.swift */ = {isa = PBXFileReference; lastKnownFileType = sourcecode.swift; path = ConversationManagerView.swift; sourceTree = "<group>"; };
		20573F152CB505DC004C19FE /* ConversationListView.swift */ = {isa = PBXFileReference; lastKnownFileType = sourcecode.swift; path = ConversationListView.swift; sourceTree = "<group>"; };
		20573F172CB50743004C19FE /* ConversationView.swift */ = {isa = PBXFileReference; lastKnownFileType = sourcecode.swift; path = ConversationView.swift; sourceTree = "<group>"; };
		20573F1A2CB5099B004C19FE /* ConversationCommands.swift */ = {isa = PBXFileReference; lastKnownFileType = sourcecode.swift; path = ConversationCommands.swift; sourceTree = "<group>"; };
		20573F1E2CB5274E004C19FE /* MessagesView.swift */ = {isa = PBXFileReference; lastKnownFileType = sourcecode.swift; path = MessagesView.swift; sourceTree = "<group>"; };
		20573F202CB527DB004C19FE /* MessageView.swift */ = {isa = PBXFileReference; lastKnownFileType = sourcecode.swift; path = MessageView.swift; sourceTree = "<group>"; };
		20573F222CB52E79004C19FE /* Extension+Theme.swift */ = {isa = PBXFileReference; lastKnownFileType = sourcecode.swift; path = "Extension+Theme.swift"; sourceTree = "<group>"; };
		20573F242CB52EB6004C19FE /* CopyButton.swift */ = {isa = PBXFileReference; lastKnownFileType = sourcecode.swift; path = CopyButton.swift; sourceTree = "<group>"; };
		20573F2C2CB52FAF004C19FE /* SplashCodeSyntaxHighlighter.swift */ = {isa = PBXFileReference; lastKnownFileType = sourcecode.swift; path = SplashCodeSyntaxHighlighter.swift; sourceTree = "<group>"; };
		20573F2F2CB5302C004C19FE /* TextOutputFormat.swift */ = {isa = PBXFileReference; lastKnownFileType = sourcecode.swift; path = TextOutputFormat.swift; sourceTree = "<group>"; };
		20573F312CB53172004C19FE /* InferenceSettings.swift */ = {isa = PBXFileReference; lastKnownFileType = sourcecode.swift; path = InferenceSettings.swift; sourceTree = "<group>"; };
		20573F352CB53878004C19FE /* CircleMenuStyle.swift */ = {isa = PBXFileReference; lastKnownFileType = sourcecode.swift; path = CircleMenuStyle.swift; sourceTree = "<group>"; };
		207A9F542CB8A96F00E727DE /* ProfileNavigationRowView.swift */ = {isa = PBXFileReference; lastKnownFileType = sourcecode.swift; path = ProfileNavigationRowView.swift; sourceTree = "<group>"; };
		207A9F582CB8F4AF00E727DE /* ResourceSelectionView.swift */ = {isa = PBXFileReference; lastKnownFileType = sourcecode.swift; path = ResourceSelectionView.swift; sourceTree = "<group>"; };
		207A9F5C2CB8FD0900E727DE /* ResourceSectionView.swift */ = {isa = PBXFileReference; lastKnownFileType = sourcecode.swift; path = ResourceSectionView.swift; sourceTree = "<group>"; };
		207A9F5E2CB903FD00E727DE /* Extension+Binding.swift */ = {isa = PBXFileReference; lastKnownFileType = sourcecode.swift; path = "Extension+Binding.swift"; sourceTree = "<group>"; };
		207A9F612CB94B0000E727DE /* WindowCommands.swift */ = {isa = PBXFileReference; lastKnownFileType = sourcecode.swift; path = WindowCommands.swift; sourceTree = "<group>"; };
		208388D92CBF4DF500C2A9F8 /* TavilySearch.swift */ = {isa = PBXFileReference; lastKnownFileType = sourcecode.swift; path = TavilySearch.swift; sourceTree = "<group>"; };
		208388E12CBF51F900C2A9F8 /* RetrievalSettingsView.swift */ = {isa = PBXFileReference; lastKnownFileType = sourcecode.swift; path = RetrievalSettingsView.swift; sourceTree = "<group>"; };
		208388E42CBF526E00C2A9F8 /* RetrievalSettings.swift */ = {isa = PBXFileReference; lastKnownFileType = sourcecode.swift; path = RetrievalSettings.swift; sourceTree = "<group>"; };
		208388EC2CBF825400C2A9F8 /* Tavily.swift */ = {isa = PBXFileReference; lastKnownFileType = sourcecode.swift; path = Tavily.swift; sourceTree = "<group>"; };
		208388EE2CBF86A100C2A9F8 /* Extension+UserDefaults.swift */ = {isa = PBXFileReference; lastKnownFileType = sourcecode.swift; path = "Extension+UserDefaults.swift"; sourceTree = "<group>"; };
		2086E1702CB036BB00FFCF57 /* ConversationManager.swift */ = {isa = PBXFileReference; lastKnownFileType = sourcecode.swift; path = ConversationManager.swift; sourceTree = "<group>"; };
		2086E1AB2CB03CD200FFCF57 /* Dialogs.swift */ = {isa = PBXFileReference; lastKnownFileType = sourcecode.swift; path = Dialogs.swift; sourceTree = "<group>"; };
		2099BD9A2CB7B8C800E02732 /* Extension+RawRepresentable.swift */ = {isa = PBXFileReference; lastKnownFileType = sourcecode.swift; path = "Extension+RawRepresentable.swift"; sourceTree = "<group>"; };
		2099BD9C2CB7B8E700E02732 /* Notifications.swift */ = {isa = PBXFileReference; lastKnownFileType = sourcecode.swift; path = Notifications.swift; sourceTree = "<group>"; };
		2099BD9E2CB7E9CE00E02732 /* QuickPrompt.swift */ = {isa = PBXFileReference; lastKnownFileType = sourcecode.swift; path = QuickPrompt.swift; sourceTree = "<group>"; };
		2099BDA02CB7EABC00E02732 /* ConversationQuickPromptsView.swift */ = {isa = PBXFileReference; lastKnownFileType = sourcecode.swift; path = ConversationQuickPromptsView.swift; sourceTree = "<group>"; };
		2099BDA22CB7EB0200E02732 /* CapsuleButtonStyle.swift */ = {isa = PBXFileReference; lastKnownFileType = sourcecode.swift; path = CapsuleButtonStyle.swift; sourceTree = "<group>"; };
		2099BDA42CB8069800E02732 /* ConversationNameEditor.swift */ = {isa = PBXFileReference; lastKnownFileType = sourcecode.swift; path = ConversationNameEditor.swift; sourceTree = "<group>"; };
		2099BDA82CB81A1300E02732 /* ProfileListView.swift */ = {isa = PBXFileReference; lastKnownFileType = sourcecode.swift; path = ProfileListView.swift; sourceTree = "<group>"; };
		2099BDAC2CB8222A00E02732 /* ProfileEditorView.swift */ = {isa = PBXFileReference; lastKnownFileType = sourcecode.swift; path = ProfileEditorView.swift; sourceTree = "<group>"; };
		2099BDB12CB828A500E02732 /* PopoverButton.swift */ = {isa = PBXFileReference; lastKnownFileType = sourcecode.swift; path = PopoverButton.swift; sourceTree = "<group>"; };
		20A8B65A2CB2709100B756FD /* Resources.swift */ = {isa = PBXFileReference; lastKnownFileType = sourcecode.swift; path = Resources.swift; sourceTree = "<group>"; };
		20A8B65C2CB2829500B756FD /* ProfileManager.swift */ = {isa = PBXFileReference; lastKnownFileType = sourcecode.swift; path = ProfileManager.swift; sourceTree = "<group>"; };
		20B4D6AE2CC3C12C00817E15 /* PromptController.swift */ = {isa = PBXFileReference; lastKnownFileType = sourcecode.swift; path = PromptController.swift; sourceTree = "<group>"; };
		20B4D6B02CC3D72700817E15 /* Extension+IndexItem.swift */ = {isa = PBXFileReference; lastKnownFileType = sourcecode.swift; path = "Extension+IndexItem.swift"; sourceTree = "<group>"; };
		20B97CAC2CAFE86C009A0A5D /* Preview Assets.xcassets */ = {isa = PBXFileReference; lastKnownFileType = folder.assetcatalog; path = "Preview Assets.xcassets"; sourceTree = "<group>"; };
		20B97CAE2CAFE86C009A0A5D /* Assets.xcassets */ = {isa = PBXFileReference; lastKnownFileType = folder.assetcatalog; path = Assets.xcassets; sourceTree = "<group>"; };
		20B97CAF2CAFE86C009A0A5D /* ContentView.swift */ = {isa = PBXFileReference; lastKnownFileType = sourcecode.swift; path = ContentView.swift; sourceTree = "<group>"; };
		20B97CB02CAFE86C009A0A5D /* Sidekick.entitlements */ = {isa = PBXFileReference; lastKnownFileType = text.plist.entitlements; path = Sidekick.entitlements; sourceTree = "<group>"; };
		20B97CB12CAFE86C009A0A5D /* SidekickApp.swift */ = {isa = PBXFileReference; lastKnownFileType = sourcecode.swift; path = SidekickApp.swift; sourceTree = "<group>"; };
		20B97CB72CAFE870009A0A5D /* SidekickTests.swift */ = {isa = PBXFileReference; lastKnownFileType = sourcecode.swift; path = SidekickTests.swift; sourceTree = "<group>"; };
		20B97CBA2CAFE872009A0A5D /* SidekickUITests.swift */ = {isa = PBXFileReference; lastKnownFileType = sourcecode.swift; path = SidekickUITests.swift; sourceTree = "<group>"; };
		20B97CBB2CAFE872009A0A5D /* SidekickUITestsLaunchTests.swift */ = {isa = PBXFileReference; lastKnownFileType = sourcecode.swift; path = SidekickUITestsLaunchTests.swift; sourceTree = "<group>"; };
		20B97CCA2CAFEC37009A0A5D /* DownloadManager.swift */ = {isa = PBXFileReference; lastKnownFileType = sourcecode.swift; path = DownloadManager.swift; sourceTree = "<group>"; };
		20B97CCC2CAFEC37009A0A5D /* Model.swift */ = {isa = PBXFileReference; lastKnownFileType = sourcecode.swift; path = Model.swift; sourceTree = "<group>"; };
		20B97CCD2CAFEC37009A0A5D /* Settings.swift */ = {isa = PBXFileReference; lastKnownFileType = sourcecode.swift; path = Settings.swift; sourceTree = "<group>"; };
		20B97CD52CAFF2E0009A0A5D /* SetupView.swift */ = {isa = PBXFileReference; lastKnownFileType = sourcecode.swift; path = SetupView.swift; sourceTree = "<group>"; };
		20B97CD72CAFF2E7009A0A5D /* ModelSelectionView.swift */ = {isa = PBXFileReference; lastKnownFileType = sourcecode.swift; path = ModelSelectionView.swift; sourceTree = "<group>"; };
		20B97CD82CAFF2E7009A0A5D /* SetupCompleteView.swift */ = {isa = PBXFileReference; lastKnownFileType = sourcecode.swift; path = SetupCompleteView.swift; sourceTree = "<group>"; };
		20B97CDC2CAFFE06009A0A5D /* Message.swift */ = {isa = PBXFileReference; lastKnownFileType = sourcecode.swift; path = Message.swift; sourceTree = "<group>"; };
		20B97CDE2CAFFE6A009A0A5D /* Sender.swift */ = {isa = PBXFileReference; lastKnownFileType = sourcecode.swift; path = Sender.swift; sourceTree = "<group>"; };
		20B97CE02CB001E0009A0A5D /* Conversation.swift */ = {isa = PBXFileReference; lastKnownFileType = sourcecode.swift; path = Conversation.swift; sourceTree = "<group>"; };
		20B97CE22CB00585009A0A5D /* Profile.swift */ = {isa = PBXFileReference; lastKnownFileType = sourcecode.swift; path = Profile.swift; sourceTree = "<group>"; };
		20B97CE42CB00605009A0A5D /* Extension+Color.swift */ = {isa = PBXFileReference; lastKnownFileType = sourcecode.swift; path = "Extension+Color.swift"; sourceTree = "<group>"; };
		20B97CE62CB0066A009A0A5D /* Extension+String.swift */ = {isa = PBXFileReference; lastKnownFileType = sourcecode.swift; path = "Extension+String.swift"; sourceTree = "<group>"; };
		20B97CE82CB007DF009A0A5D /* Resource.swift */ = {isa = PBXFileReference; lastKnownFileType = sourcecode.swift; path = Resource.swift; sourceTree = "<group>"; };
		20B97CEA2CB00912009A0A5D /* Extension+URL.swift */ = {isa = PBXFileReference; lastKnownFileType = sourcecode.swift; path = "Extension+URL.swift"; sourceTree = "<group>"; };
		20B97CEC2CB00A28009A0A5D /* Favicon.swift */ = {isa = PBXFileReference; lastKnownFileType = sourcecode.swift; path = Favicon.swift; sourceTree = "<group>"; };
		20B97CEE2CB010AD009A0A5D /* ThumbnailView.swift */ = {isa = PBXFileReference; lastKnownFileType = sourcecode.swift; path = ThumbnailView.swift; sourceTree = "<group>"; };
		20B9E60B2CB140A000BA0AD2 /* AppDelegate.swift */ = {isa = PBXFileReference; lastKnownFileType = sourcecode.swift; path = AppDelegate.swift; sourceTree = "<group>"; };
		20B9E60D2CB1414100BA0AD2 /* DockMenuCommands.swift */ = {isa = PBXFileReference; lastKnownFileType = sourcecode.swift; path = DockMenuCommands.swift; sourceTree = "<group>"; };
		20B9E6102CB142FD00BA0AD2 /* DebugCommands.swift */ = {isa = PBXFileReference; lastKnownFileType = sourcecode.swift; path = DebugCommands.swift; sourceTree = "<group>"; };
		20C221012CC4A9E800A99796 /* Source.swift */ = {isa = PBXFileReference; lastKnownFileType = sourcecode.swift; path = Source.swift; sourceTree = "<group>"; };
		20C221032CC4AFAF00A99796 /* SourceLogger.swift */ = {isa = PBXFileReference; lastKnownFileType = sourcecode.swift; path = SourceLogger.swift; sourceTree = "<group>"; };
		20C221052CC4B15600A99796 /* SourcesManager.swift */ = {isa = PBXFileReference; lastKnownFileType = sourcecode.swift; path = SourcesManager.swift; sourceTree = "<group>"; };
		20C221082CC4B5A800A99796 /* SourcesView.swift */ = {isa = PBXFileReference; lastKnownFileType = sourcecode.swift; path = SourcesView.swift; sourceTree = "<group>"; };
		20C2210A2CC4B88F00A99796 /* SourcesButton.swift */ = {isa = PBXFileReference; lastKnownFileType = sourcecode.swift; path = SourcesButton.swift; sourceTree = "<group>"; };
		20D65DD22CC0B8A20052D826 /* README.md */ = {isa = PBXFileReference; lastKnownFileType = net.daringfireball.markdown; path = README.md; sourceTree = "<group>"; };
		20D65DD42CC0CC6C0052D826 /* StopGenerationButton.swift */ = {isa = PBXFileReference; lastKnownFileType = sourcecode.swift; path = StopGenerationButton.swift; sourceTree = "<group>"; };
		20DEABEC2CC4D68A0046447C /* Extension+CGImage.swift */ = {isa = PBXFileReference; lastKnownFileType = sourcecode.swift; path = "Extension+CGImage.swift"; sourceTree = "<group>"; };
		20E48C252CB560730085E7D6 /* ChatStyle.swift */ = {isa = PBXFileReference; lastKnownFileType = sourcecode.swift; path = ChatStyle.swift; sourceTree = "<group>"; };
		20E48C282CB560B50085E7D6 /* ConversationControlsView.swift */ = {isa = PBXFileReference; lastKnownFileType = sourcecode.swift; path = ConversationControlsView.swift; sourceTree = "<group>"; };
		20E48C2A2CB560E30085E7D6 /* Extension+CGKeyCode.swift */ = {isa = PBXFileReference; lastKnownFileType = sourcecode.swift; path = "Extension+CGKeyCode.swift"; sourceTree = "<group>"; };
		20F2D5112CC1F33B004CE730 /* Localizable.xcstrings */ = {isa = PBXFileReference; lastKnownFileType = text.json.xcstrings; path = Localizable.xcstrings; sourceTree = "<group>"; };
		20F36B232CC4FD980053417B /* sidekickSecureImage.png */ = {isa = PBXFileReference; lastKnownFileType = image.png; path = sidekickSecureImage.png; sourceTree = "<group>"; };
		20FB0D882CBA8327006D062A /* Extension+SimilarityIndex.swift */ = {isa = PBXFileReference; lastKnownFileType = sourcecode.swift; path = "Extension+SimilarityIndex.swift"; sourceTree = "<group>"; };
		20FB0D8A2CBA8828006D062A /* SearchResult.swift */ = {isa = PBXFileReference; lastKnownFileType = sourcecode.swift; path = SearchResult.swift; sourceTree = "<group>"; };
		20FE94D72CB96D3A006E9F06 /* ConversationResourceButton.swift */ = {isa = PBXFileReference; lastKnownFileType = sourcecode.swift; path = ConversationResourceButton.swift; sourceTree = "<group>"; };
		20FE94D92CB96DE8006E9F06 /* ExitButton.swift */ = {isa = PBXFileReference; lastKnownFileType = sourcecode.swift; path = ExitButton.swift; sourceTree = "<group>"; };
		20FE94DB2CB96FCD006E9F06 /* Info.plist */ = {isa = PBXFileReference; lastKnownFileType = text.plist; path = Info.plist; sourceTree = "<group>"; };
/* End PBXFileReference section */

/* Begin PBXFrameworksBuildPhase section */
		200549702CAFA67B00A3DCF2 /* Frameworks */ = {
			isa = PBXFrameworksBuildPhase;
			buildActionMask = 2147483647;
			files = (
				200FBFF12CB64CB400A92A74 /* EventSource in Frameworks */,
				20A8B6592CB26E4800B756FD /* SimilaritySearchKitDistilbert in Frameworks */,
				20A8B6572CB26E4800B756FD /* SimilaritySearchKit in Frameworks */,
				207A9F532CB82D9600E727DE /* SymbolPicker in Frameworks */,
				208388DD2CBF4E8A00C2A9F8 /* SecureDefaults in Frameworks */,
				20573F282CB52F84004C19FE /* Splash in Frameworks */,
				20573F2A2CB52F84004C19FE /* SplashMarkdown in Frameworks */,
				20B97CA82CAFE830009A0A5D /* FSKit-macOS in Frameworks */,
				20B97CAB2CAFE861009A0A5D /* ExtractKit-macOS in Frameworks */,
				20B97CC92CAFEBEA009A0A5D /* MarkdownUI in Frameworks */,
			);
			runOnlyForDeploymentPostprocessing = 0;
		};
		200549812CAFA67D00A3DCF2 /* Frameworks */ = {
			isa = PBXFrameworksBuildPhase;
			buildActionMask = 2147483647;
			files = (
			);
			runOnlyForDeploymentPostprocessing = 0;
		};
		2005498B2CAFA67D00A3DCF2 /* Frameworks */ = {
			isa = PBXFrameworksBuildPhase;
			buildActionMask = 2147483647;
			files = (
			);
			runOnlyForDeploymentPostprocessing = 0;
		};
		200FBFDA2CB6382F00A92A74 /* Frameworks */ = {
			isa = PBXFrameworksBuildPhase;
			buildActionMask = 2147483647;
			files = (
			);
			runOnlyForDeploymentPostprocessing = 0;
		};
/* End PBXFrameworksBuildPhase section */

/* Begin PBXGroup section */
		2005496A2CAFA67B00A3DCF2 = {
			isa = PBXGroup;
			children = (
				20F36B232CC4FD980053417B /* sidekickSecureImage.png */,
				20D65DD22CC0B8A20052D826 /* README.md */,
				20B97CB22CAFE86C009A0A5D /* Sidekick */,
				20B97CB82CAFE870009A0A5D /* SidekickTests */,
				20B97CBC2CAFE872009A0A5D /* SidekickUITests */,
				200549742CAFA67B00A3DCF2 /* Products */,
			);
			sourceTree = "<group>";
		};
		200549742CAFA67B00A3DCF2 /* Products */ = {
			isa = PBXGroup;
			children = (
				200549732CAFA67B00A3DCF2 /* Sidekick.app */,
				200549842CAFA67D00A3DCF2 /* SidekickTests.xctest */,
				2005498E2CAFA67D00A3DCF2 /* SidekickUITests.xctest */,
				200FBFDD2CB6382F00A92A74 /* llama-server-watchdog */,
			);
			name = Products;
			sourceTree = "<group>";
		};
		200FBFD62CB627B100A92A74 /* llama.cpp */ = {
			isa = PBXGroup;
			children = (
				202FDDF02CC0B43000537F89 /* llama-server */,
				200FBFED2CB6477400A92A74 /* LlamaServer.swift */,
				200FBFF22CB66B8300A92A74 /* ServerHealth.swift */,
				200FBFE62CB6384400A92A74 /* llama-server-watchdog */,
				200FBFF82CB68CFC00A92A74 /* Types */,
			);
			path = llama.cpp;
			sourceTree = "<group>";
		};
		200FBFE62CB6384400A92A74 /* llama-server-watchdog */ = {
			isa = PBXGroup;
			children = (
				200FBFE82CB638B200A92A74 /* llama-server-watchdog.entitlements */,
				200FBFE52CB6384400A92A74 /* main.swift */,
			);
			path = "llama-server-watchdog";
			sourceTree = "<group>";
		};
		200FBFF82CB68CFC00A92A74 /* Types */ = {
			isa = PBXGroup;
			children = (
				200FBFF42CB66C0000A92A74 /* LlamaServerError.swift */,
				200FBFF62CB68ABF00A92A74 /* ChatParameters.swift */,
			);
			path = Types;
			sourceTree = "<group>";
		};
		204C79542CB765C100EED58E /* Profile */ = {
			isa = PBXGroup;
			children = (
				204C79552CB765D700EED58E /* ProfileSelectionMenu.swift */,
				204C795B2CB79AB900EED58E /* ProfileManagerView.swift */,
				2099BDA82CB81A1300E02732 /* ProfileListView.swift */,
				207A9F542CB8A96F00E727DE /* ProfileNavigationRowView.swift */,
				2099BDAC2CB8222A00E02732 /* ProfileEditorView.swift */,
				207A9F602CB9482600E727DE /* Resource */,
			);
			path = Profile;
			sourceTree = "<group>";
		};
		20571F702CBCEDC1004F3344 /* LengthyTasks */ = {
			isa = PBXGroup;
			children = (
				20571F732CBCEE90004F3344 /* LengthyTasksToolbarButton.swift */,
				20571F712CBCEDD8004F3344 /* LengthyTasksList.swift */,
			);
			path = LengthyTasks;
			sourceTree = "<group>";
		};
		20571F752CBD5FF4004F3344 /* Settings */ = {
			isa = PBXGroup;
			children = (
				20571F762CBD6005004F3344 /* SettingsView.swift */,
				20571F782CBD6019004F3344 /* GeneralSettingsView.swift */,
				208388E12CBF51F900C2A9F8 /* RetrievalSettingsView.swift */,
				20571F7A2CBD602B004F3344 /* InferenceSettingsView.swift */,
				20571F832CBD71C9004F3344 /* SystemPromptEditor.swift */,
			);
			path = Settings;
			sourceTree = "<group>";
		};
		20571F822CBD6A95004F3344 /* Utilities */ = {
			isa = PBXGroup;
			children = (
				2086E1AB2CB03CD200FFCF57 /* Dialogs.swift */,
				20571F802CBD6A6D004F3344 /* SoundEffects.swift */,
			);
			path = Utilities;
			sourceTree = "<group>";
		};
		20573F192CB508B4004C19FE /* Conversation */ = {
			isa = PBXGroup;
			children = (
				20573F132CB50550004C19FE /* ConversationManagerView.swift */,
				20573F152CB505DC004C19FE /* ConversationListView.swift */,
				2099BDA42CB8069800E02732 /* ConversationNameEditor.swift */,
				20573F172CB50743004C19FE /* ConversationView.swift */,
				20E48C282CB560B50085E7D6 /* ConversationControlsView.swift */,
				20D65DD42CC0CC6C0052D826 /* StopGenerationButton.swift */,
				20C2210A2CC4B88F00A99796 /* SourcesButton.swift */,
				20FE94D72CB96D3A006E9F06 /* ConversationResourceButton.swift */,
				2099BDA02CB7EABC00E02732 /* ConversationQuickPromptsView.swift */,
				20573F2B2CB52F9A004C19FE /* Message */,
			);
			path = Conversation;
			sourceTree = "<group>";
		};
		20573F2B2CB52F9A004C19FE /* Message */ = {
			isa = PBXGroup;
			children = (
				20573F1E2CB5274E004C19FE /* MessagesView.swift */,
				2038CCF22CB6CBC6005AA315 /* PendingMessageView.swift */,
				20573F202CB527DB004C19FE /* MessageView.swift */,
				20C221072CC4B59B00A99796 /* Sources */,
				20573F2E2CB5301F004C19FE /* Markdown */,
			);
			path = Message;
			sourceTree = "<group>";
		};
		20573F2E2CB5301F004C19FE /* Markdown */ = {
			isa = PBXGroup;
			children = (
				20573F2C2CB52FAF004C19FE /* SplashCodeSyntaxHighlighter.swift */,
				20573F2F2CB5302C004C19FE /* TextOutputFormat.swift */,
			);
			path = Markdown;
			sourceTree = "<group>";
		};
		207A9F602CB9482600E727DE /* Resource */ = {
			isa = PBXGroup;
			children = (
				207A9F5C2CB8FD0900E727DE /* ResourceSectionView.swift */,
				207A9F582CB8F4AF00E727DE /* ResourceSelectionView.swift */,
			);
			path = Resource;
			sourceTree = "<group>";
		};
		208388E32CBF525A00C2A9F8 /* Settings */ = {
			isa = PBXGroup;
			children = (
				20B97CCD2CAFEC37009A0A5D /* Settings.swift */,
				20573F312CB53172004C19FE /* InferenceSettings.swift */,
				208388E42CBF526E00C2A9F8 /* RetrievalSettings.swift */,
			);
			path = Settings;
			sourceTree = "<group>";
		};
		20B97CAD2CAFE86C009A0A5D /* Preview Content */ = {
			isa = PBXGroup;
			children = (
				20B97CAC2CAFE86C009A0A5D /* Preview Assets.xcassets */,
			);
			path = "Preview Content";
			sourceTree = "<group>";
		};
		20B97CB22CAFE86C009A0A5D /* Sidekick */ = {
			isa = PBXGroup;
			children = (
				20F2D5112CC1F33B004CE730 /* Localizable.xcstrings */,
				20FE94DB2CB96FCD006E9F06 /* Info.plist */,
				20B97CB12CAFE86C009A0A5D /* SidekickApp.swift */,
				20B9E60B2CB140A000BA0AD2 /* AppDelegate.swift */,
				20B97CBF2CAFE87D009A0A5D /* Views */,
				20571F702CBCEDC1004F3344 /* LengthyTasks */,
				20571F752CBD5FF4004F3344 /* Settings */,
				20B9E6132CB1458500BA0AD2 /* Misc */,
				20E48C272CB560A30085E7D6 /* Styles */,
				20B97CC02CAFE883009A0A5D /* Logic */,
				20B97CD22CAFEC90009A0A5D /* Extensions */,
				20B97CAD2CAFE86C009A0A5D /* Preview Content */,
				20B97CAE2CAFE86C009A0A5D /* Assets.xcassets */,
				20B97CB02CAFE86C009A0A5D /* Sidekick.entitlements */,
			);
			path = Sidekick;
			sourceTree = "<group>";
		};
		20B97CB82CAFE870009A0A5D /* SidekickTests */ = {
			isa = PBXGroup;
			children = (
				20B97CB72CAFE870009A0A5D /* SidekickTests.swift */,
			);
			path = SidekickTests;
			sourceTree = "<group>";
		};
		20B97CBC2CAFE872009A0A5D /* SidekickUITests */ = {
			isa = PBXGroup;
			children = (
				20B97CBA2CAFE872009A0A5D /* SidekickUITests.swift */,
				20B97CBB2CAFE872009A0A5D /* SidekickUITestsLaunchTests.swift */,
			);
			path = SidekickUITests;
			sourceTree = "<group>";
		};
		20B97CBF2CAFE87D009A0A5D /* Views */ = {
			isa = PBXGroup;
			children = (
				20B97CAF2CAFE86C009A0A5D /* ContentView.swift */,
				20573F192CB508B4004C19FE /* Conversation */,
				204C79542CB765C100EED58E /* Profile */,
				20B9E6122CB1457200BA0AD2 /* Setup */,
			);
			path = Views;
			sourceTree = "<group>";
		};
		20B97CC02CAFE883009A0A5D /* Logic */ = {
			isa = PBXGroup;
			children = (
				208388E32CBF525A00C2A9F8 /* Settings */,
				20571F822CBD6A95004F3344 /* Utilities */,
				200FBFD62CB627B100A92A74 /* llama.cpp */,
				20B9E6152CB1465900BA0AD2 /* Data Models */,
				20B9E60F2CB1429E00BA0AD2 /* Commands */,
				20B9E6142CB1463D00BA0AD2 /* Inference */,
				20B97CDB2CAFFDE5009A0A5D /* Types */,
			);
			path = Logic;
			sourceTree = "<group>";
		};
		20B97CD22CAFEC90009A0A5D /* Extensions */ = {
			isa = PBXGroup;
			children = (
				207A9F5E2CB903FD00E727DE /* Extension+Binding.swift */,
				20DEABEC2CC4D68A0046447C /* Extension+CGImage.swift */,
				20E48C2A2CB560E30085E7D6 /* Extension+CGKeyCode.swift */,
				20B97CE42CB00605009A0A5D /* Extension+Color.swift */,
				20B4D6B02CC3D72700817E15 /* Extension+IndexItem.swift */,
				2099BD9A2CB7B8C800E02732 /* Extension+RawRepresentable.swift */,
				20FB0D882CBA8327006D062A /* Extension+SimilarityIndex.swift */,
				20B97CE62CB0066A009A0A5D /* Extension+String.swift */,
				20573F222CB52E79004C19FE /* Extension+Theme.swift */,
				20B97CEA2CB00912009A0A5D /* Extension+URL.swift */,
				208388EE2CBF86A100C2A9F8 /* Extension+UserDefaults.swift */,
				204C79572CB769A400EED58E /* Extension+View.swift */,
			);
			path = Extensions;
			sourceTree = "<group>";
		};
		20B97CDB2CAFFDE5009A0A5D /* Types */ = {
			isa = PBXGroup;
			children = (
				20B97CE02CB001E0009A0A5D /* Conversation.swift */,
				20B97CEC2CB00A28009A0A5D /* Favicon.swift */,
				20B97CDC2CAFFE06009A0A5D /* Message.swift */,
				2099BD9C2CB7B8E700E02732 /* Notifications.swift */,
				20B97CE22CB00585009A0A5D /* Profile.swift */,
				2099BD9E2CB7E9CE00E02732 /* QuickPrompt.swift */,
				202E3EDC2CBB8F7B00AF86C8 /* ReferencedURL.swift */,
				20B97CE82CB007DF009A0A5D /* Resource.swift */,
				20A8B65A2CB2709100B756FD /* Resources.swift */,
				20FB0D8A2CBA8828006D062A /* SearchResult.swift */,
				20B97CDE2CAFFE6A009A0A5D /* Sender.swift */,
				208388EC2CBF825400C2A9F8 /* Tavily.swift */,
				20C221012CC4A9E800A99796 /* Source.swift */,
			);
			path = Types;
			sourceTree = "<group>";
		};
		20B9E60F2CB1429E00BA0AD2 /* Commands */ = {
			isa = PBXGroup;
			children = (
				20B9E60D2CB1414100BA0AD2 /* DockMenuCommands.swift */,
				20B9E6102CB142FD00BA0AD2 /* DebugCommands.swift */,
				20573F1A2CB5099B004C19FE /* ConversationCommands.swift */,
				207A9F612CB94B0000E727DE /* WindowCommands.swift */,
			);
			path = Commands;
			sourceTree = "<group>";
		};
		20B9E6122CB1457200BA0AD2 /* Setup */ = {
			isa = PBXGroup;
			children = (
				20B97CD52CAFF2E0009A0A5D /* SetupView.swift */,
				20B97CD72CAFF2E7009A0A5D /* ModelSelectionView.swift */,
				20B97CD82CAFF2E7009A0A5D /* SetupCompleteView.swift */,
			);
			path = Setup;
			sourceTree = "<group>";
		};
		20B9E6132CB1458500BA0AD2 /* Misc */ = {
			isa = PBXGroup;
			children = (
				20B97CEE2CB010AD009A0A5D /* ThumbnailView.swift */,
				20573F242CB52EB6004C19FE /* CopyButton.swift */,
				204C79522CB7500800EED58E /* EndDetectionScrollView.swift */,
				2099BDB12CB828A500E02732 /* PopoverButton.swift */,
				20FE94D92CB96DE8006E9F06 /* ExitButton.swift */,
			);
			path = Misc;
			sourceTree = "<group>";
		};
		20B9E6142CB1463D00BA0AD2 /* Inference */ = {
			isa = PBXGroup;
			children = (
				20B97CCC2CAFEC37009A0A5D /* Model.swift */,
			);
			path = Inference;
			sourceTree = "<group>";
		};
		20B9E6152CB1465900BA0AD2 /* Data Models */ = {
			isa = PBXGroup;
			children = (
				20B97CCA2CAFEC37009A0A5D /* DownloadManager.swift */,
				2086E1702CB036BB00FFCF57 /* ConversationManager.swift */,
				20A8B65C2CB2829500B756FD /* ProfileManager.swift */,
				20C221052CC4B15600A99796 /* SourcesManager.swift */,
				2004D7632CBC9DA2009F294E /* ConversationState.swift */,
				20571F6E2CBCE8F7004F3344 /* TasksController.swift */,
				208388D92CBF4DF500C2A9F8 /* TavilySearch.swift */,
				20B4D6AE2CC3C12C00817E15 /* PromptController.swift */,
				20C221032CC4AFAF00A99796 /* SourceLogger.swift */,
			);
			path = "Data Models";
			sourceTree = "<group>";
		};
		20C221072CC4B59B00A99796 /* Sources */ = {
			isa = PBXGroup;
			children = (
				20C221082CC4B5A800A99796 /* SourcesView.swift */,
			);
			path = Sources;
			sourceTree = "<group>";
		};
		20E48C272CB560A30085E7D6 /* Styles */ = {
			isa = PBXGroup;
			children = (
				20573F352CB53878004C19FE /* CircleMenuStyle.swift */,
				20E48C252CB560730085E7D6 /* ChatStyle.swift */,
				2099BDA22CB7EB0200E02732 /* CapsuleButtonStyle.swift */,
			);
			path = Styles;
			sourceTree = "<group>";
		};
/* End PBXGroup section */

/* Begin PBXNativeTarget section */
		200549722CAFA67B00A3DCF2 /* Sidekick */ = {
			isa = PBXNativeTarget;
			buildConfigurationList = 200549982CAFA67D00A3DCF2 /* Build configuration list for PBXNativeTarget "Sidekick" */;
			buildPhases = (
				2005496F2CAFA67B00A3DCF2 /* Sources */,
				200549702CAFA67B00A3DCF2 /* Frameworks */,
				200549712CAFA67B00A3DCF2 /* Resources */,
				200FBFEB2CB63B9400A92A74 /* Embed Helper Tools */,
			);
			buildRules = (
			);
			dependencies = (
				200FBFEA2CB63B1A00A92A74 /* PBXTargetDependency */,
			);
			name = Sidekick;
			packageProductDependencies = (
				20B97CA72CAFE830009A0A5D /* FSKit-macOS */,
				20B97CAA2CAFE861009A0A5D /* ExtractKit-macOS */,
				20B97CC82CAFEBEA009A0A5D /* MarkdownUI */,
				20A8B6562CB26E4800B756FD /* SimilaritySearchKit */,
				20A8B6582CB26E4800B756FD /* SimilaritySearchKitDistilbert */,
				20573F272CB52F84004C19FE /* Splash */,
				20573F292CB52F84004C19FE /* SplashMarkdown */,
				200FBFF02CB64CB400A92A74 /* EventSource */,
				207A9F522CB82D9600E727DE /* SymbolPicker */,
				208388DC2CBF4E8A00C2A9F8 /* SecureDefaults */,
			);
			productName = Sidekick;
			productReference = 200549732CAFA67B00A3DCF2 /* Sidekick.app */;
			productType = "com.apple.product-type.application";
		};
		200549832CAFA67D00A3DCF2 /* SidekickTests */ = {
			isa = PBXNativeTarget;
			buildConfigurationList = 2005499B2CAFA67D00A3DCF2 /* Build configuration list for PBXNativeTarget "SidekickTests" */;
			buildPhases = (
				200549802CAFA67D00A3DCF2 /* Sources */,
				200549812CAFA67D00A3DCF2 /* Frameworks */,
				200549822CAFA67D00A3DCF2 /* Resources */,
			);
			buildRules = (
			);
			dependencies = (
				200549862CAFA67D00A3DCF2 /* PBXTargetDependency */,
			);
			name = SidekickTests;
			packageProductDependencies = (
			);
			productName = SidekickTests;
			productReference = 200549842CAFA67D00A3DCF2 /* SidekickTests.xctest */;
			productType = "com.apple.product-type.bundle.unit-test";
		};
		2005498D2CAFA67D00A3DCF2 /* SidekickUITests */ = {
			isa = PBXNativeTarget;
			buildConfigurationList = 2005499E2CAFA67D00A3DCF2 /* Build configuration list for PBXNativeTarget "SidekickUITests" */;
			buildPhases = (
				2005498A2CAFA67D00A3DCF2 /* Sources */,
				2005498B2CAFA67D00A3DCF2 /* Frameworks */,
				2005498C2CAFA67D00A3DCF2 /* Resources */,
			);
			buildRules = (
			);
			dependencies = (
				200549902CAFA67D00A3DCF2 /* PBXTargetDependency */,
			);
			name = SidekickUITests;
			packageProductDependencies = (
			);
			productName = SidekickUITests;
			productReference = 2005498E2CAFA67D00A3DCF2 /* SidekickUITests.xctest */;
			productType = "com.apple.product-type.bundle.ui-testing";
		};
		200FBFDC2CB6382F00A92A74 /* llama-server-watchdog */ = {
			isa = PBXNativeTarget;
			buildConfigurationList = 200FBFE12CB6382F00A92A74 /* Build configuration list for PBXNativeTarget "llama-server-watchdog" */;
			buildPhases = (
				200FBFD92CB6382F00A92A74 /* Sources */,
				200FBFDA2CB6382F00A92A74 /* Frameworks */,
				200FBFDB2CB6382F00A92A74 /* CopyFiles */,
			);
			buildRules = (
			);
			dependencies = (
			);
			name = "llama-server-watchdog";
			packageProductDependencies = (
			);
			productName = "llama-server-watchdog";
			productReference = 200FBFDD2CB6382F00A92A74 /* llama-server-watchdog */;
			productType = "com.apple.product-type.tool";
		};
/* End PBXNativeTarget section */

/* Begin PBXProject section */
		2005496B2CAFA67B00A3DCF2 /* Project object */ = {
			isa = PBXProject;
			attributes = {
				BuildIndependentTargetsInParallel = 1;
				LastSwiftUpdateCheck = 1610;
				LastUpgradeCheck = 1610;
				TargetAttributes = {
					200549722CAFA67B00A3DCF2 = {
						CreatedOnToolsVersion = 16.1;
					};
					200549832CAFA67D00A3DCF2 = {
						CreatedOnToolsVersion = 16.1;
						TestTargetID = 200549722CAFA67B00A3DCF2;
					};
					2005498D2CAFA67D00A3DCF2 = {
						CreatedOnToolsVersion = 16.1;
						TestTargetID = 200549722CAFA67B00A3DCF2;
					};
					200FBFDC2CB6382F00A92A74 = {
						CreatedOnToolsVersion = 16.1;
					};
				};
			};
			buildConfigurationList = 2005496E2CAFA67B00A3DCF2 /* Build configuration list for PBXProject "Sidekick" */;
			developmentRegion = en;
			hasScannedForEncodings = 0;
			knownRegions = (
				en,
				Base,
				"zh-Hans",
			);
			mainGroup = 2005496A2CAFA67B00A3DCF2;
			minimizedProjectReferenceProxies = 1;
			packageReferences = (
				20B97CA62CAFE830009A0A5D /* XCRemoteSwiftPackageReference "FSKit-macOS" */,
				20B97CA92CAFE861009A0A5D /* XCRemoteSwiftPackageReference "ExtractKit-macOS" */,
				20B97CC72CAFEBEA009A0A5D /* XCRemoteSwiftPackageReference "swift-markdown-ui" */,
				20A8B6552CB26E4800B756FD /* XCRemoteSwiftPackageReference "similarity-search-kit" */,
				20573F262CB52F84004C19FE /* XCRemoteSwiftPackageReference "Splash" */,
				200FBFEF2CB64CB400A92A74 /* XCRemoteSwiftPackageReference "EventSource" */,
				207A9F512CB82D9600E727DE /* XCRemoteSwiftPackageReference "SymbolPicker" */,
				208388DB2CBF4E8A00C2A9F8 /* XCRemoteSwiftPackageReference "SecureDefaults" */,
			);
			preferredProjectObjectVersion = 77;
			productRefGroup = 200549742CAFA67B00A3DCF2 /* Products */;
			projectDirPath = "";
			projectRoot = "";
			targets = (
				200549722CAFA67B00A3DCF2 /* Sidekick */,
				200549832CAFA67D00A3DCF2 /* SidekickTests */,
				2005498D2CAFA67D00A3DCF2 /* SidekickUITests */,
				200FBFDC2CB6382F00A92A74 /* llama-server-watchdog */,
			);
		};
/* End PBXProject section */

/* Begin PBXResourcesBuildPhase section */
		200549712CAFA67B00A3DCF2 /* Resources */ = {
			isa = PBXResourcesBuildPhase;
			buildActionMask = 2147483647;
			files = (
				20B97CB32CAFE86C009A0A5D /* Preview Assets.xcassets in Resources */,
				20F2D5122CC1F33B004CE730 /* Localizable.xcstrings in Resources */,
				20B97CB42CAFE86C009A0A5D /* Assets.xcassets in Resources */,
				20F36B242CC4FD980053417B /* sidekickSecureImage.png in Resources */,
				20D65DD32CC0B8A20052D826 /* README.md in Resources */,
				202FDDF12CC0B43000537F89 /* llama-server in Resources */,
			);
			runOnlyForDeploymentPostprocessing = 0;
		};
		200549822CAFA67D00A3DCF2 /* Resources */ = {
			isa = PBXResourcesBuildPhase;
			buildActionMask = 2147483647;
			files = (
			);
			runOnlyForDeploymentPostprocessing = 0;
		};
		2005498C2CAFA67D00A3DCF2 /* Resources */ = {
			isa = PBXResourcesBuildPhase;
			buildActionMask = 2147483647;
			files = (
			);
			runOnlyForDeploymentPostprocessing = 0;
		};
/* End PBXResourcesBuildPhase section */

/* Begin PBXSourcesBuildPhase section */
		2005496F2CAFA67B00A3DCF2 /* Sources */ = {
			isa = PBXSourcesBuildPhase;
			buildActionMask = 2147483647;
			files = (
				20573F362CB53878004C19FE /* CircleMenuStyle.swift in Sources */,
				20571F842CBD71C9004F3344 /* SystemPromptEditor.swift in Sources */,
				20C221062CC4B15600A99796 /* SourcesManager.swift in Sources */,
				20B4D6B12CC3D72700817E15 /* Extension+IndexItem.swift in Sources */,
				20FE94D82CB96D3A006E9F06 /* ConversationResourceButton.swift in Sources */,
				20573F1F2CB5274E004C19FE /* MessagesView.swift in Sources */,
				20B97CE72CB0066A009A0A5D /* Extension+String.swift in Sources */,
				200FBFF72CB68ABF00A92A74 /* ChatParameters.swift in Sources */,
				20B97CB52CAFE86C009A0A5D /* ContentView.swift in Sources */,
				20B97CCE2CAFEC37009A0A5D /* Settings.swift in Sources */,
				20573F232CB52E79004C19FE /* Extension+Theme.swift in Sources */,
				200FBFF52CB66C0000A92A74 /* LlamaServerError.swift in Sources */,
				20B97CE32CB00585009A0A5D /* Profile.swift in Sources */,
				208388E52CBF526E00C2A9F8 /* RetrievalSettings.swift in Sources */,
				20573F212CB527DB004C19FE /* MessageView.swift in Sources */,
				20573F162CB505DC004C19FE /* ConversationListView.swift in Sources */,
				20B97CCF2CAFEC37009A0A5D /* DownloadManager.swift in Sources */,
				207A9F592CB8F4AF00E727DE /* ResourceSelectionView.swift in Sources */,
				20FB0D892CBA8327006D062A /* Extension+SimilarityIndex.swift in Sources */,
				20B97CD92CAFF2E7009A0A5D /* ModelSelectionView.swift in Sources */,
				20B97CDA2CAFF2E7009A0A5D /* SetupCompleteView.swift in Sources */,
				208388E22CBF51F900C2A9F8 /* RetrievalSettingsView.swift in Sources */,
				207A9F5F2CB903FD00E727DE /* Extension+Binding.swift in Sources */,
				2099BD9F2CB7E9CE00E02732 /* QuickPrompt.swift in Sources */,
				207A9F5D2CB8FD0900E727DE /* ResourceSectionView.swift in Sources */,
				20573F322CB53172004C19FE /* InferenceSettings.swift in Sources */,
				2099BDA92CB81A1300E02732 /* ProfileListView.swift in Sources */,
				204C795C2CB79AB900EED58E /* ProfileManagerView.swift in Sources */,
				20DEABED2CC4D68A0046447C /* Extension+CGImage.swift in Sources */,
				20B97CE52CB00605009A0A5D /* Extension+Color.swift in Sources */,
				20B97CDD2CAFFE06009A0A5D /* Message.swift in Sources */,
				20B97CD02CAFEC37009A0A5D /* Model.swift in Sources */,
				20571F792CBD6019004F3344 /* GeneralSettingsView.swift in Sources */,
				200FBFEE2CB6477400A92A74 /* LlamaServer.swift in Sources */,
				20C221022CC4A9E800A99796 /* Source.swift in Sources */,
				207A9F622CB94B0000E727DE /* WindowCommands.swift in Sources */,
				2099BD9B2CB7B8C800E02732 /* Extension+RawRepresentable.swift in Sources */,
				2086E1AC2CB03CD200FFCF57 /* Dialogs.swift in Sources */,
				20573F2D2CB52FAF004C19FE /* SplashCodeSyntaxHighlighter.swift in Sources */,
				20E48C262CB560730085E7D6 /* ChatStyle.swift in Sources */,
				20571F7B2CBD602B004F3344 /* InferenceSettingsView.swift in Sources */,
				20B97CDF2CAFFE6A009A0A5D /* Sender.swift in Sources */,
				202E3EDD2CBB8F7B00AF86C8 /* ReferencedURL.swift in Sources */,
				2004D7642CBC9DA2009F294E /* ConversationState.swift in Sources */,
				2086E1712CB036BB00FFCF57 /* ConversationManager.swift in Sources */,
				20C221092CC4B5A800A99796 /* SourcesView.swift in Sources */,
				20571F6F2CBCE8F7004F3344 /* TasksController.swift in Sources */,
				20571F742CBCEE90004F3344 /* LengthyTasksToolbarButton.swift in Sources */,
				20B97CEB2CB00912009A0A5D /* Extension+URL.swift in Sources */,
				20A8B65D2CB2829500B756FD /* ProfileManager.swift in Sources */,
				20B97CD62CAFF2E0009A0A5D /* SetupView.swift in Sources */,
				20B97CED2CB00A28009A0A5D /* Favicon.swift in Sources */,
				20571F772CBD6005004F3344 /* SettingsView.swift in Sources */,
				20573F142CB50550004C19FE /* ConversationManagerView.swift in Sources */,
				20B97CB62CAFE86C009A0A5D /* SidekickApp.swift in Sources */,
				208388DA2CBF4DF500C2A9F8 /* TavilySearch.swift in Sources */,
				2099BDA52CB8069800E02732 /* ConversationNameEditor.swift in Sources */,
				20C221042CC4AFAF00A99796 /* SourceLogger.swift in Sources */,
				20571F722CBCEDD8004F3344 /* LengthyTasksList.swift in Sources */,
				204C79582CB769A400EED58E /* Extension+View.swift in Sources */,
				2099BDAD2CB8222A00E02732 /* ProfileEditorView.swift in Sources */,
				20571F812CBD6A6D004F3344 /* SoundEffects.swift in Sources */,
				20E48C292CB560B50085E7D6 /* ConversationControlsView.swift in Sources */,
				20B97CEF2CB010AD009A0A5D /* ThumbnailView.swift in Sources */,
				208388EF2CBF86A100C2A9F8 /* Extension+UserDefaults.swift in Sources */,
				20C2210B2CC4B88F00A99796 /* SourcesButton.swift in Sources */,
				20D65DD52CC0CC6C0052D826 /* StopGenerationButton.swift in Sources */,
				20B97CE12CB001E0009A0A5D /* Conversation.swift in Sources */,
				207A9F552CB8A96F00E727DE /* ProfileNavigationRowView.swift in Sources */,
				20B97CE92CB007DF009A0A5D /* Resource.swift in Sources */,
				20573F302CB5302C004C19FE /* TextOutputFormat.swift in Sources */,
				20FB0D8B2CBA8828006D062A /* SearchResult.swift in Sources */,
				20FE94DA2CB96DE8006E9F06 /* ExitButton.swift in Sources */,
				20573F1B2CB5099B004C19FE /* ConversationCommands.swift in Sources */,
				20B9E60C2CB140A000BA0AD2 /* AppDelegate.swift in Sources */,
				208388ED2CBF825400C2A9F8 /* Tavily.swift in Sources */,
				204C79532CB7500800EED58E /* EndDetectionScrollView.swift in Sources */,
				2038CCF32CB6CBC6005AA315 /* PendingMessageView.swift in Sources */,
				20E48C2B2CB560E30085E7D6 /* Extension+CGKeyCode.swift in Sources */,
				2099BD9D2CB7B8E700E02732 /* Notifications.swift in Sources */,
				2099BDA12CB7EABC00E02732 /* ConversationQuickPromptsView.swift in Sources */,
				20B9E60E2CB1414100BA0AD2 /* DockMenuCommands.swift in Sources */,
				20B9E6112CB142FD00BA0AD2 /* DebugCommands.swift in Sources */,
				20573F252CB52EB6004C19FE /* CopyButton.swift in Sources */,
				20B4D6AF2CC3C12C00817E15 /* PromptController.swift in Sources */,
				2099BDA32CB7EB0200E02732 /* CapsuleButtonStyle.swift in Sources */,
				204C79562CB765D700EED58E /* ProfileSelectionMenu.swift in Sources */,
				20A8B65B2CB2709100B756FD /* Resources.swift in Sources */,
				20573F182CB50743004C19FE /* ConversationView.swift in Sources */,
				200FBFF32CB66B8300A92A74 /* ServerHealth.swift in Sources */,
				2099BDB22CB828A500E02732 /* PopoverButton.swift in Sources */,
			);
			runOnlyForDeploymentPostprocessing = 0;
		};
		200549802CAFA67D00A3DCF2 /* Sources */ = {
			isa = PBXSourcesBuildPhase;
			buildActionMask = 2147483647;
			files = (
				20B97CB92CAFE870009A0A5D /* SidekickTests.swift in Sources */,
			);
			runOnlyForDeploymentPostprocessing = 0;
		};
		2005498A2CAFA67D00A3DCF2 /* Sources */ = {
			isa = PBXSourcesBuildPhase;
			buildActionMask = 2147483647;
			files = (
				20B97CBD2CAFE872009A0A5D /* SidekickUITests.swift in Sources */,
				20B97CBE2CAFE872009A0A5D /* SidekickUITestsLaunchTests.swift in Sources */,
			);
			runOnlyForDeploymentPostprocessing = 0;
		};
		200FBFD92CB6382F00A92A74 /* Sources */ = {
			isa = PBXSourcesBuildPhase;
			buildActionMask = 2147483647;
			files = (
				200FBFE72CB6384400A92A74 /* main.swift in Sources */,
			);
			runOnlyForDeploymentPostprocessing = 0;
		};
/* End PBXSourcesBuildPhase section */

/* Begin PBXTargetDependency section */
		200549862CAFA67D00A3DCF2 /* PBXTargetDependency */ = {
			isa = PBXTargetDependency;
			target = 200549722CAFA67B00A3DCF2 /* Sidekick */;
			targetProxy = 200549852CAFA67D00A3DCF2 /* PBXContainerItemProxy */;
		};
		200549902CAFA67D00A3DCF2 /* PBXTargetDependency */ = {
			isa = PBXTargetDependency;
			target = 200549722CAFA67B00A3DCF2 /* Sidekick */;
			targetProxy = 2005498F2CAFA67D00A3DCF2 /* PBXContainerItemProxy */;
		};
		200FBFEA2CB63B1A00A92A74 /* PBXTargetDependency */ = {
			isa = PBXTargetDependency;
			target = 200FBFDC2CB6382F00A92A74 /* llama-server-watchdog */;
			targetProxy = 200FBFE92CB63B1A00A92A74 /* PBXContainerItemProxy */;
		};
/* End PBXTargetDependency section */

/* Begin XCBuildConfiguration section */
		200549962CAFA67D00A3DCF2 /* Debug */ = {
			isa = XCBuildConfiguration;
			buildSettings = {
				ALWAYS_SEARCH_USER_PATHS = NO;
				ASSETCATALOG_COMPILER_GENERATE_SWIFT_ASSET_SYMBOL_EXTENSIONS = YES;
				CLANG_ANALYZER_NONNULL = YES;
				CLANG_ANALYZER_NUMBER_OBJECT_CONVERSION = YES_AGGRESSIVE;
				CLANG_CXX_LANGUAGE_STANDARD = "gnu++20";
				CLANG_ENABLE_MODULES = YES;
				CLANG_ENABLE_OBJC_ARC = YES;
				CLANG_ENABLE_OBJC_WEAK = YES;
				CLANG_WARN_BLOCK_CAPTURE_AUTORELEASING = YES;
				CLANG_WARN_BOOL_CONVERSION = YES;
				CLANG_WARN_COMMA = YES;
				CLANG_WARN_CONSTANT_CONVERSION = YES;
				CLANG_WARN_DEPRECATED_OBJC_IMPLEMENTATIONS = YES;
				CLANG_WARN_DIRECT_OBJC_ISA_USAGE = YES_ERROR;
				CLANG_WARN_DOCUMENTATION_COMMENTS = YES;
				CLANG_WARN_EMPTY_BODY = YES;
				CLANG_WARN_ENUM_CONVERSION = YES;
				CLANG_WARN_INFINITE_RECURSION = YES;
				CLANG_WARN_INT_CONVERSION = YES;
				CLANG_WARN_NON_LITERAL_NULL_CONVERSION = YES;
				CLANG_WARN_OBJC_IMPLICIT_RETAIN_SELF = YES;
				CLANG_WARN_OBJC_LITERAL_CONVERSION = YES;
				CLANG_WARN_OBJC_ROOT_CLASS = YES_ERROR;
				CLANG_WARN_QUOTED_INCLUDE_IN_FRAMEWORK_HEADER = YES;
				CLANG_WARN_RANGE_LOOP_ANALYSIS = YES;
				CLANG_WARN_STRICT_PROTOTYPES = YES;
				CLANG_WARN_SUSPICIOUS_MOVE = YES;
				CLANG_WARN_UNGUARDED_AVAILABILITY = YES_AGGRESSIVE;
				CLANG_WARN_UNREACHABLE_CODE = YES;
				CLANG_WARN__DUPLICATE_METHOD_MATCH = YES;
				COPY_PHASE_STRIP = NO;
				DEBUG_INFORMATION_FORMAT = dwarf;
				ENABLE_STRICT_OBJC_MSGSEND = YES;
				ENABLE_TESTABILITY = YES;
				ENABLE_USER_SCRIPT_SANDBOXING = YES;
				GCC_C_LANGUAGE_STANDARD = gnu17;
				GCC_DYNAMIC_NO_PIC = NO;
				GCC_NO_COMMON_BLOCKS = YES;
				GCC_OPTIMIZATION_LEVEL = 0;
				GCC_PREPROCESSOR_DEFINITIONS = (
					"DEBUG=1",
					"$(inherited)",
				);
				GCC_WARN_64_TO_32_BIT_CONVERSION = YES;
				GCC_WARN_ABOUT_RETURN_TYPE = YES_ERROR;
				GCC_WARN_UNDECLARED_SELECTOR = YES;
				GCC_WARN_UNINITIALIZED_AUTOS = YES_AGGRESSIVE;
				GCC_WARN_UNUSED_FUNCTION = YES;
				GCC_WARN_UNUSED_VARIABLE = YES;
				LOCALIZATION_PREFERS_STRING_CATALOGS = YES;
				MACOSX_DEPLOYMENT_TARGET = 15.1;
				MTL_ENABLE_DEBUG_INFO = INCLUDE_SOURCE;
				MTL_FAST_MATH = YES;
				ONLY_ACTIVE_ARCH = YES;
				SDKROOT = macosx;
				SWIFT_ACTIVE_COMPILATION_CONDITIONS = "DEBUG $(inherited)";
				SWIFT_EMIT_LOC_STRINGS = YES;
				SWIFT_OPTIMIZATION_LEVEL = "-Onone";
			};
			name = Debug;
		};
		200549972CAFA67D00A3DCF2 /* Release */ = {
			isa = XCBuildConfiguration;
			buildSettings = {
				ALWAYS_SEARCH_USER_PATHS = NO;
				ASSETCATALOG_COMPILER_GENERATE_SWIFT_ASSET_SYMBOL_EXTENSIONS = YES;
				CLANG_ANALYZER_NONNULL = YES;
				CLANG_ANALYZER_NUMBER_OBJECT_CONVERSION = YES_AGGRESSIVE;
				CLANG_CXX_LANGUAGE_STANDARD = "gnu++20";
				CLANG_ENABLE_MODULES = YES;
				CLANG_ENABLE_OBJC_ARC = YES;
				CLANG_ENABLE_OBJC_WEAK = YES;
				CLANG_WARN_BLOCK_CAPTURE_AUTORELEASING = YES;
				CLANG_WARN_BOOL_CONVERSION = YES;
				CLANG_WARN_COMMA = YES;
				CLANG_WARN_CONSTANT_CONVERSION = YES;
				CLANG_WARN_DEPRECATED_OBJC_IMPLEMENTATIONS = YES;
				CLANG_WARN_DIRECT_OBJC_ISA_USAGE = YES_ERROR;
				CLANG_WARN_DOCUMENTATION_COMMENTS = YES;
				CLANG_WARN_EMPTY_BODY = YES;
				CLANG_WARN_ENUM_CONVERSION = YES;
				CLANG_WARN_INFINITE_RECURSION = YES;
				CLANG_WARN_INT_CONVERSION = YES;
				CLANG_WARN_NON_LITERAL_NULL_CONVERSION = YES;
				CLANG_WARN_OBJC_IMPLICIT_RETAIN_SELF = YES;
				CLANG_WARN_OBJC_LITERAL_CONVERSION = YES;
				CLANG_WARN_OBJC_ROOT_CLASS = YES_ERROR;
				CLANG_WARN_QUOTED_INCLUDE_IN_FRAMEWORK_HEADER = YES;
				CLANG_WARN_RANGE_LOOP_ANALYSIS = YES;
				CLANG_WARN_STRICT_PROTOTYPES = YES;
				CLANG_WARN_SUSPICIOUS_MOVE = YES;
				CLANG_WARN_UNGUARDED_AVAILABILITY = YES_AGGRESSIVE;
				CLANG_WARN_UNREACHABLE_CODE = YES;
				CLANG_WARN__DUPLICATE_METHOD_MATCH = YES;
				COPY_PHASE_STRIP = NO;
				DEBUG_INFORMATION_FORMAT = "dwarf-with-dsym";
				ENABLE_NS_ASSERTIONS = NO;
				ENABLE_STRICT_OBJC_MSGSEND = YES;
				ENABLE_USER_SCRIPT_SANDBOXING = YES;
				GCC_C_LANGUAGE_STANDARD = gnu17;
				GCC_NO_COMMON_BLOCKS = YES;
				GCC_WARN_64_TO_32_BIT_CONVERSION = YES;
				GCC_WARN_ABOUT_RETURN_TYPE = YES_ERROR;
				GCC_WARN_UNDECLARED_SELECTOR = YES;
				GCC_WARN_UNINITIALIZED_AUTOS = YES_AGGRESSIVE;
				GCC_WARN_UNUSED_FUNCTION = YES;
				GCC_WARN_UNUSED_VARIABLE = YES;
				LOCALIZATION_PREFERS_STRING_CATALOGS = YES;
				MACOSX_DEPLOYMENT_TARGET = 15.1;
				MTL_ENABLE_DEBUG_INFO = NO;
				MTL_FAST_MATH = YES;
				SDKROOT = macosx;
				SWIFT_COMPILATION_MODE = wholemodule;
				SWIFT_EMIT_LOC_STRINGS = YES;
			};
			name = Release;
		};
		200549992CAFA67D00A3DCF2 /* Debug */ = {
			isa = XCBuildConfiguration;
			buildSettings = {
				ASSETCATALOG_COMPILER_APPICON_NAME = AppIcon;
				ASSETCATALOG_COMPILER_GLOBAL_ACCENT_COLOR_NAME = AccentColor;
				CODE_SIGN_ENTITLEMENTS = Sidekick/Sidekick.entitlements;
				CODE_SIGN_STYLE = Automatic;
				COMBINE_HIDPI_IMAGES = YES;
				CURRENT_PROJECT_VERSION = 1;
				DEVELOPMENT_ASSET_PATHS = "\"Sidekick/Preview Content\"";
				DEVELOPMENT_TEAM = KM2C4ZAVPJ;
				ENABLE_HARDENED_RUNTIME = YES;
				ENABLE_PREVIEWS = YES;
				GENERATE_INFOPLIST_FILE = YES;
				INFOPLIST_FILE = Sidekick/Info.plist;
				INFOPLIST_KEY_LSApplicationCategoryType = "public.app-category.productivity";
				INFOPLIST_KEY_NSHumanReadableCopyright = "";
				INFOPLIST_KEY_NSMicrophoneUsageDescription = "Sidekick needs access to the microphone for transcription.";
				INFOPLIST_KEY_NSSpeechRecognitionUsageDescription = "Sidekick needs access to speech recognition services for transcription.";
				LD_RUNPATH_SEARCH_PATHS = (
					"$(inherited)",
					"@executable_path/../Frameworks",
				);
				MACOSX_DEPLOYMENT_TARGET = 14.0;
				MARKETING_VERSION = 0.0.3;
				PRODUCT_BUNDLE_IDENTIFIER = com.pattonium.Sidekick;
				PRODUCT_NAME = "$(TARGET_NAME)";
				SWIFT_EMIT_LOC_STRINGS = YES;
				SWIFT_VERSION = 5.0;
			};
			name = Debug;
		};
		2005499A2CAFA67D00A3DCF2 /* Release */ = {
			isa = XCBuildConfiguration;
			buildSettings = {
				ASSETCATALOG_COMPILER_APPICON_NAME = AppIcon;
				ASSETCATALOG_COMPILER_GLOBAL_ACCENT_COLOR_NAME = AccentColor;
				CODE_SIGN_ENTITLEMENTS = Sidekick/Sidekick.entitlements;
				CODE_SIGN_STYLE = Automatic;
				COMBINE_HIDPI_IMAGES = YES;
				CURRENT_PROJECT_VERSION = 1;
				DEVELOPMENT_ASSET_PATHS = "\"Sidekick/Preview Content\"";
				DEVELOPMENT_TEAM = KM2C4ZAVPJ;
				ENABLE_HARDENED_RUNTIME = YES;
				ENABLE_PREVIEWS = YES;
				"EXCLUDED_ARCHS[sdk=*]" = x86_64;
				GENERATE_INFOPLIST_FILE = YES;
				INFOPLIST_FILE = Sidekick/Info.plist;
				INFOPLIST_KEY_LSApplicationCategoryType = "public.app-category.productivity";
				INFOPLIST_KEY_NSHumanReadableCopyright = "";
				INFOPLIST_KEY_NSMicrophoneUsageDescription = "Sidekick needs access to the microphone for transcription.";
				INFOPLIST_KEY_NSSpeechRecognitionUsageDescription = "Sidekick needs access to speech recognition services for transcription.";
				LD_RUNPATH_SEARCH_PATHS = (
					"$(inherited)",
					"@executable_path/../Frameworks",
				);
				MACOSX_DEPLOYMENT_TARGET = 14.0;
				MARKETING_VERSION = 0.0.3;
				PRODUCT_BUNDLE_IDENTIFIER = com.pattonium.Sidekick;
				PRODUCT_NAME = "$(TARGET_NAME)";
				SWIFT_EMIT_LOC_STRINGS = YES;
				SWIFT_VERSION = 5.0;
			};
			name = Release;
		};
		2005499C2CAFA67D00A3DCF2 /* Debug */ = {
			isa = XCBuildConfiguration;
			buildSettings = {
				BUNDLE_LOADER = "$(TEST_HOST)";
				CODE_SIGN_STYLE = Automatic;
				CURRENT_PROJECT_VERSION = 1;
				DEVELOPMENT_TEAM = KM2C4ZAVPJ;
				GENERATE_INFOPLIST_FILE = YES;
				MACOSX_DEPLOYMENT_TARGET = 15.1;
				MARKETING_VERSION = 1.0;
				PRODUCT_BUNDLE_IDENTIFIER = com.pattonium.SidekickTests;
				PRODUCT_NAME = "$(TARGET_NAME)";
				SWIFT_EMIT_LOC_STRINGS = NO;
				SWIFT_VERSION = 5.0;
				TEST_HOST = "$(BUILT_PRODUCTS_DIR)/Sidekick.app/$(BUNDLE_EXECUTABLE_FOLDER_PATH)/Sidekick";
			};
			name = Debug;
		};
		2005499D2CAFA67D00A3DCF2 /* Release */ = {
			isa = XCBuildConfiguration;
			buildSettings = {
				BUNDLE_LOADER = "$(TEST_HOST)";
				CODE_SIGN_STYLE = Automatic;
				CURRENT_PROJECT_VERSION = 1;
				DEVELOPMENT_TEAM = KM2C4ZAVPJ;
				GENERATE_INFOPLIST_FILE = YES;
				MACOSX_DEPLOYMENT_TARGET = 15.1;
				MARKETING_VERSION = 1.0;
				PRODUCT_BUNDLE_IDENTIFIER = com.pattonium.SidekickTests;
				PRODUCT_NAME = "$(TARGET_NAME)";
				SWIFT_EMIT_LOC_STRINGS = NO;
				SWIFT_VERSION = 5.0;
				TEST_HOST = "$(BUILT_PRODUCTS_DIR)/Sidekick.app/$(BUNDLE_EXECUTABLE_FOLDER_PATH)/Sidekick";
			};
			name = Release;
		};
		2005499F2CAFA67D00A3DCF2 /* Debug */ = {
			isa = XCBuildConfiguration;
			buildSettings = {
				CODE_SIGN_STYLE = Automatic;
				CURRENT_PROJECT_VERSION = 1;
				DEVELOPMENT_TEAM = KM2C4ZAVPJ;
				GENERATE_INFOPLIST_FILE = YES;
				MARKETING_VERSION = 1.0;
				PRODUCT_BUNDLE_IDENTIFIER = com.pattonium.SidekickUITests;
				PRODUCT_NAME = "$(TARGET_NAME)";
				SWIFT_EMIT_LOC_STRINGS = NO;
				SWIFT_VERSION = 5.0;
				TEST_TARGET_NAME = Sidekick;
			};
			name = Debug;
		};
		200549A02CAFA67D00A3DCF2 /* Release */ = {
			isa = XCBuildConfiguration;
			buildSettings = {
				CODE_SIGN_STYLE = Automatic;
				CURRENT_PROJECT_VERSION = 1;
				DEVELOPMENT_TEAM = KM2C4ZAVPJ;
				GENERATE_INFOPLIST_FILE = YES;
				MARKETING_VERSION = 1.0;
				PRODUCT_BUNDLE_IDENTIFIER = com.pattonium.SidekickUITests;
				PRODUCT_NAME = "$(TARGET_NAME)";
				SWIFT_EMIT_LOC_STRINGS = NO;
				SWIFT_VERSION = 5.0;
				TEST_TARGET_NAME = Sidekick;
			};
			name = Release;
		};
		200FBFE22CB6382F00A92A74 /* Debug */ = {
			isa = XCBuildConfiguration;
			buildSettings = {
				CODE_SIGN_ENTITLEMENTS = "llama-server-watchdog.entitlements";
				CODE_SIGN_INJECT_BASE_ENTITLEMENTS = NO;
				CODE_SIGN_STYLE = Automatic;
				DEVELOPMENT_TEAM = KM2C4ZAVPJ;
				ENABLE_HARDENED_RUNTIME = YES;
				OTHER_CODE_SIGN_FLAGS = "$(inherited) -i $(PRODUCT_BUNDLE_IDENTIFIER)";
				PRODUCT_BUNDLE_IDENTIFIER = "com.pattonium.Sidekick.llama-server-watchdog";
				PRODUCT_NAME = "$(TARGET_NAME)";
				SKIP_INSTALL = YES;
				SWIFT_VERSION = 5.0;
			};
			name = Debug;
		};
		200FBFE32CB6382F00A92A74 /* Release */ = {
			isa = XCBuildConfiguration;
			buildSettings = {
				CODE_SIGN_ENTITLEMENTS = "llama-server-watchdog.entitlements";
				CODE_SIGN_INJECT_BASE_ENTITLEMENTS = NO;
				CODE_SIGN_STYLE = Automatic;
				DEVELOPMENT_TEAM = KM2C4ZAVPJ;
				ENABLE_HARDENED_RUNTIME = YES;
				OTHER_CODE_SIGN_FLAGS = "$(inherited) -i $(PRODUCT_BUNDLE_IDENTIFIER)";
				PRODUCT_BUNDLE_IDENTIFIER = "com.pattonium.Sidekick.llama-server-watchdog";
				PRODUCT_NAME = "$(TARGET_NAME)";
				SKIP_INSTALL = YES;
				SWIFT_VERSION = 5.0;
			};
			name = Release;
		};
/* End XCBuildConfiguration section */

/* Begin XCConfigurationList section */
		2005496E2CAFA67B00A3DCF2 /* Build configuration list for PBXProject "Sidekick" */ = {
			isa = XCConfigurationList;
			buildConfigurations = (
				200549962CAFA67D00A3DCF2 /* Debug */,
				200549972CAFA67D00A3DCF2 /* Release */,
			);
			defaultConfigurationIsVisible = 0;
			defaultConfigurationName = Release;
		};
		200549982CAFA67D00A3DCF2 /* Build configuration list for PBXNativeTarget "Sidekick" */ = {
			isa = XCConfigurationList;
			buildConfigurations = (
				200549992CAFA67D00A3DCF2 /* Debug */,
				2005499A2CAFA67D00A3DCF2 /* Release */,
			);
			defaultConfigurationIsVisible = 0;
			defaultConfigurationName = Release;
		};
		2005499B2CAFA67D00A3DCF2 /* Build configuration list for PBXNativeTarget "SidekickTests" */ = {
			isa = XCConfigurationList;
			buildConfigurations = (
				2005499C2CAFA67D00A3DCF2 /* Debug */,
				2005499D2CAFA67D00A3DCF2 /* Release */,
			);
			defaultConfigurationIsVisible = 0;
			defaultConfigurationName = Release;
		};
		2005499E2CAFA67D00A3DCF2 /* Build configuration list for PBXNativeTarget "SidekickUITests" */ = {
			isa = XCConfigurationList;
			buildConfigurations = (
				2005499F2CAFA67D00A3DCF2 /* Debug */,
				200549A02CAFA67D00A3DCF2 /* Release */,
			);
			defaultConfigurationIsVisible = 0;
			defaultConfigurationName = Release;
		};
		200FBFE12CB6382F00A92A74 /* Build configuration list for PBXNativeTarget "llama-server-watchdog" */ = {
			isa = XCConfigurationList;
			buildConfigurations = (
				200FBFE22CB6382F00A92A74 /* Debug */,
				200FBFE32CB6382F00A92A74 /* Release */,
			);
			defaultConfigurationIsVisible = 0;
			defaultConfigurationName = Release;
		};
/* End XCConfigurationList section */

/* Begin XCRemoteSwiftPackageReference section */
		200FBFEF2CB64CB400A92A74 /* XCRemoteSwiftPackageReference "EventSource" */ = {
			isa = XCRemoteSwiftPackageReference;
			repositoryURL = "https://github.com/Recouse/EventSource.git";
			requirement = {
				kind = exactVersion;
				version = 0.0.5;
			};
		};
		20573F262CB52F84004C19FE /* XCRemoteSwiftPackageReference "Splash" */ = {
			isa = XCRemoteSwiftPackageReference;
			repositoryURL = "https://github.com/JohnSundell/Splash";
			requirement = {
				kind = upToNextMajorVersion;
				minimumVersion = 0.16.0;
			};
		};
		207A9F512CB82D9600E727DE /* XCRemoteSwiftPackageReference "SymbolPicker" */ = {
			isa = XCRemoteSwiftPackageReference;
			repositoryURL = "https://github.com/xnth97/SymbolPicker";
			requirement = {
				kind = upToNextMajorVersion;
				minimumVersion = 1.5.3;
			};
		};
		208388DB2CBF4E8A00C2A9F8 /* XCRemoteSwiftPackageReference "SecureDefaults" */ = {
			isa = XCRemoteSwiftPackageReference;
			repositoryURL = "https://github.com/vpeschenkov/SecureDefaults?tab=readme-ov-file#usage";
			requirement = {
				kind = upToNextMajorVersion;
				minimumVersion = 1.2.2;
			};
		};
		20A8B6552CB26E4800B756FD /* XCRemoteSwiftPackageReference "similarity-search-kit" */ = {
			isa = XCRemoteSwiftPackageReference;
			repositoryURL = "https://github.com/ZachNagengast/similarity-search-kit";
			requirement = {
				kind = upToNextMajorVersion;
				minimumVersion = 0.0.15;
			};
		};
		20B97CA62CAFE830009A0A5D /* XCRemoteSwiftPackageReference "FSKit-macOS" */ = {
			isa = XCRemoteSwiftPackageReference;
			repositoryURL = "https://github.com/johnbean393/FSKit-macOS";
			requirement = {
				branch = main;
				kind = branch;
			};
		};
		20B97CA92CAFE861009A0A5D /* XCRemoteSwiftPackageReference "ExtractKit-macOS" */ = {
			isa = XCRemoteSwiftPackageReference;
			repositoryURL = "https://github.com/johnbean393/ExtractKit-macOS";
			requirement = {
				branch = main;
				kind = branch;
			};
		};
		20B97CC72CAFEBEA009A0A5D /* XCRemoteSwiftPackageReference "swift-markdown-ui" */ = {
			isa = XCRemoteSwiftPackageReference;
			repositoryURL = "https://github.com/gonzalezreal/swift-markdown-ui";
			requirement = {
				kind = exactVersion;
				version = 2.4.0;
			};
		};
/* End XCRemoteSwiftPackageReference section */

/* Begin XCSwiftPackageProductDependency section */
		200FBFF02CB64CB400A92A74 /* EventSource */ = {
			isa = XCSwiftPackageProductDependency;
			package = 200FBFEF2CB64CB400A92A74 /* XCRemoteSwiftPackageReference "EventSource" */;
			productName = EventSource;
		};
		20573F272CB52F84004C19FE /* Splash */ = {
			isa = XCSwiftPackageProductDependency;
			package = 20573F262CB52F84004C19FE /* XCRemoteSwiftPackageReference "Splash" */;
			productName = Splash;
		};
		20573F292CB52F84004C19FE /* SplashMarkdown */ = {
			isa = XCSwiftPackageProductDependency;
			package = 20573F262CB52F84004C19FE /* XCRemoteSwiftPackageReference "Splash" */;
			productName = SplashMarkdown;
		};
		207A9F522CB82D9600E727DE /* SymbolPicker */ = {
			isa = XCSwiftPackageProductDependency;
			package = 207A9F512CB82D9600E727DE /* XCRemoteSwiftPackageReference "SymbolPicker" */;
			productName = SymbolPicker;
		};
		208388DC2CBF4E8A00C2A9F8 /* SecureDefaults */ = {
			isa = XCSwiftPackageProductDependency;
			package = 208388DB2CBF4E8A00C2A9F8 /* XCRemoteSwiftPackageReference "SecureDefaults" */;
			productName = SecureDefaults;
		};
		20A8B6562CB26E4800B756FD /* SimilaritySearchKit */ = {
			isa = XCSwiftPackageProductDependency;
			package = 20A8B6552CB26E4800B756FD /* XCRemoteSwiftPackageReference "similarity-search-kit" */;
			productName = SimilaritySearchKit;
		};
		20A8B6582CB26E4800B756FD /* SimilaritySearchKitDistilbert */ = {
			isa = XCSwiftPackageProductDependency;
			package = 20A8B6552CB26E4800B756FD /* XCRemoteSwiftPackageReference "similarity-search-kit" */;
			productName = SimilaritySearchKitDistilbert;
		};
		20B97CA72CAFE830009A0A5D /* FSKit-macOS */ = {
			isa = XCSwiftPackageProductDependency;
			package = 20B97CA62CAFE830009A0A5D /* XCRemoteSwiftPackageReference "FSKit-macOS" */;
			productName = "FSKit-macOS";
		};
		20B97CAA2CAFE861009A0A5D /* ExtractKit-macOS */ = {
			isa = XCSwiftPackageProductDependency;
			package = 20B97CA92CAFE861009A0A5D /* XCRemoteSwiftPackageReference "ExtractKit-macOS" */;
			productName = "ExtractKit-macOS";
		};
		20B97CC82CAFEBEA009A0A5D /* MarkdownUI */ = {
			isa = XCSwiftPackageProductDependency;
			package = 20B97CC72CAFEBEA009A0A5D /* XCRemoteSwiftPackageReference "swift-markdown-ui" */;
			productName = MarkdownUI;
		};
/* End XCSwiftPackageProductDependency section */
	};
	rootObject = 2005496B2CAFA67B00A3DCF2 /* Project object */;
}
